// !$*UTF8*$!
{
	archiveVersion = 1;
	classes = {
	};
	objectVersion = 77;
	objects = {

/* Begin PBXBuildFile section */
		D01893F12ECA5345002A48C1 /* UserSession.swift in Sources */ = {isa = PBXBuildFile; fileRef = D01893F02ECA5343002A48C1 /* UserSession.swift */; };
		D01893F32ECA54B9002A48C1 /* AuthUseCase.swift in Sources */ = {isa = PBXBuildFile; fileRef = D01893F22ECA54B0002A48C1 /* AuthUseCase.swift */; };
		D01893F92ECA5504002A48C1 /* AuthRepository.swift in Sources */ = {isa = PBXBuildFile; fileRef = D01893F82ECA54F6002A48C1 /* AuthRepository.swift */; };
		D01894122ECA6D3B002A48C1 /* AllAgreementButton.swift in Sources */ = {isa = PBXBuildFile; fileRef = D01894112ECA6D3B002A48C1 /* AllAgreementButton.swift */; };
		D05A62EC2EC1C6FB00B56DFD /* SplashViewController.swift in Sources */ = {isa = PBXBuildFile; fileRef = D05A62EB2EC1C6F700B56DFD /* SplashViewController.swift */; };
		D05A62F62EC1CF9F00B56DFD /* LoginViewController.swift in Sources */ = {isa = PBXBuildFile; fileRef = D05A62F52EC1CF9B00B56DFD /* LoginViewController.swift */; };
		D05B9A612ECB4DD4001379C4 /* Nickname.swift in Sources */ = {isa = PBXBuildFile; fileRef = D05B9A602ECB4D5E001379C4 /* Nickname.swift */; };
		D05B9A642ECB5072001379C4 /* OnboardingUseCase.swift in Sources */ = {isa = PBXBuildFile; fileRef = D05B9A632ECB5069001379C4 /* OnboardingUseCase.swift */; };
		D05B9A682ECB511C001379C4 /* OnboardingRepository.swift in Sources */ = {isa = PBXBuildFile; fileRef = D05B9A672ECB5109001379C4 /* OnboardingRepository.swift */; };
		D06B4ABA2ED0DC0E00DB0107 /* AuthDTO.swift in Sources */ = {isa = PBXBuildFile; fileRef = D06B4AB92ED0DC0A00DB0107 /* AuthDTO.swift */; };
		D06B4ABD2ED0E05700DB0107 /* AuthService.swift in Sources */ = {isa = PBXBuildFile; fileRef = D06B4ABC2ED0E05400DB0107 /* AuthService.swift */; };
		D071854D2ECAC1510055FEBE /* TermsViewModel.swift in Sources */ = {isa = PBXBuildFile; fileRef = D071854C2ECAC1470055FEBE /* TermsViewModel.swift */; };
		D07185522ECACD8B0055FEBE /* ProfileSettingViewController.swift in Sources */ = {isa = PBXBuildFile; fileRef = D07185512ECACD820055FEBE /* ProfileSettingViewController.swift */; };
		D07185552ECACDA60055FEBE /* ProfileSettingViewModel.swift in Sources */ = {isa = PBXBuildFile; fileRef = D07185542ECACDA00055FEBE /* ProfileSettingViewModel.swift */; };
		D07185582ECAE9B40055FEBE /* ProfileImageSelectButton.swift in Sources */ = {isa = PBXBuildFile; fileRef = D07185572ECAE9A10055FEBE /* ProfileImageSelectButton.swift */; };
		D0D8FDB02ED461DE00F75191 /* TermsViewController.swift in Sources */ = {isa = PBXBuildFile; fileRef = D01893FD2ECA5CCC002A48C1 /* TermsViewController.swift */; };
		D0D8FDB12ED4621E00F75191 /* AgreementItemView.swift in Sources */ = {isa = PBXBuildFile; fileRef = D01894002ECA6074002A48C1 /* AgreementItemView.swift */; };
		D0F278EB2ED44C87001D788E /* OnboardingCoordinator.swift in Sources */ = {isa = PBXBuildFile; fileRef = D0F278EA2ED44C7C001D788E /* OnboardingCoordinator.swift */; };
		EF0030122EC1FC43009E6532 /* HomeViewController.swift in Sources */ = {isa = PBXBuildFile; fileRef = EF0030102EC1FC43009E6532 /* HomeViewController.swift */; };
		EF2560302EBDD198003E65C9 /* HomeEntitys.swift in Sources */ = {isa = PBXBuildFile; fileRef = EF25602F2EBDD198003E65C9 /* HomeEntitys.swift */; };
		EF2560312EBDD198003E65C9 /* HomeEntitys.swift in Sources */ = {isa = PBXBuildFile; fileRef = EF25602F2EBDD198003E65C9 /* HomeEntitys.swift */; };
		EF2560362EBDD220003E65C9 /* HomeViewUseCase.swift in Sources */ = {isa = PBXBuildFile; fileRef = EF2560352EBDD220003E65C9 /* HomeViewUseCase.swift */; };
		EF2560372EBDD220003E65C9 /* HomeViewUseCase.swift in Sources */ = {isa = PBXBuildFile; fileRef = EF2560352EBDD220003E65C9 /* HomeViewUseCase.swift */; };
		EF2560392EBDD3EE003E65C9 /* HomeRepository.swift in Sources */ = {isa = PBXBuildFile; fileRef = EF2560382EBDD3EE003E65C9 /* HomeRepository.swift */; };
		EF25603A2EBDD3EE003E65C9 /* HomeRepository.swift in Sources */ = {isa = PBXBuildFile; fileRef = EF2560382EBDD3EE003E65C9 /* HomeRepository.swift */; };
		EF2560462EBDD8CB003E65C9 /* HomeViewModel.swift in Sources */ = {isa = PBXBuildFile; fileRef = EF2560452EBDD8CB003E65C9 /* HomeViewModel.swift */; };
		EF55682F2EC72BB600A1EEED /* HomeNavigationBarView.swift in Sources */ = {isa = PBXBuildFile; fileRef = EF55682E2EC72BB600A1EEED /* HomeNavigationBarView.swift */; };
		EF5568332EC72F9E00A1EEED /* MusicAlbumCell.swift in Sources */ = {isa = PBXBuildFile; fileRef = EF5568322EC72F9E00A1EEED /* MusicAlbumCell.swift */; };
		EF5A94722ED5B286001B56B8 /* CommentGuidePopupView.swift in Sources */ = {isa = PBXBuildFile; fileRef = EF5A94712ED5B286001B56B8 /* CommentGuidePopupView.swift */; };
		EF5A947A2ED80F16001B56B8 /* ToastView.swift in Sources */ = {isa = PBXBuildFile; fileRef = EF5A94782ED80F16001B56B8 /* ToastView.swift */; };
		EF5A94802ED80F23001B56B8 /* ToastManager.swift in Sources */ = {isa = PBXBuildFile; fileRef = EF5A947E2ED80F23001B56B8 /* ToastManager.swift */; };
		EF5A94822ED83B0A001B56B8 /* RecommendationPopupView.swift in Sources */ = {isa = PBXBuildFile; fileRef = EF5A94812ED83B0A001B56B8 /* RecommendationPopupView.swift */; };
		EF5A94882ED87D46001B56B8 /* ReportSheetView.swift in Sources */ = {isa = PBXBuildFile; fileRef = EF5A94872ED87D46001B56B8 /* ReportSheetView.swift */; };
		EF7537D72EC838DE00F28DE3 /* MainTabBarController.swift in Sources */ = {isa = PBXBuildFile; fileRef = EF7537D62EC838DE00F28DE3 /* MainTabBarController.swift */; };
		EF7537F32EC848C100F28DE3 /* CustomTabBarView.swift in Sources */ = {isa = PBXBuildFile; fileRef = EF7537F22EC848C100F28DE3 /* CustomTabBarView.swift */; };
		EFA5C37D2EB31484001F1627 /* SceneDelegate.swift in Sources */ = {isa = PBXBuildFile; fileRef = EFA5C3752EB31484001F1627 /* SceneDelegate.swift */; };
		EFA5C3812EB31488001F1627 /* DPlay_iOSTests.swift in Sources */ = {isa = PBXBuildFile; fileRef = EFA5C37F2EB31488001F1627 /* DPlay_iOSTests.swift */; };
		EFA5C3852EB3148C001F1627 /* DPlay_iOSUITests.swift in Sources */ = {isa = PBXBuildFile; fileRef = EFA5C3822EB3148C001F1627 /* DPlay_iOSUITests.swift */; };
		EFA5C3862EB3148C001F1627 /* DPlay_iOSUITestsLaunchTests.swift in Sources */ = {isa = PBXBuildFile; fileRef = EFA5C3832EB3148C001F1627 /* DPlay_iOSUITestsLaunchTests.swift */; };
		EFA5C38A2EB3149C001F1627 /* AppDelegate.swift in Sources */ = {isa = PBXBuildFile; fileRef = EFA5C3882EB3149C001F1627 /* AppDelegate.swift */; };
		EFA5C3DD2EB31840001F1627 /* Then in Frameworks */ = {isa = PBXBuildFile; productRef = EFA5C3DC2EB31840001F1627 /* Then */; };
		EFA5C3FA2EB31B6C001F1627 /* SnapKit in Frameworks */ = {isa = PBXBuildFile; productRef = EFA5C3F92EB31B6C001F1627 /* SnapKit */; };
		EFA5C4042EB31CAB001F1627 /* Alamofire in Frameworks */ = {isa = PBXBuildFile; productRef = EFA5C4032EB31CAB001F1627 /* Alamofire */; };
		EFA5C4072EB31CDF001F1627 /* Kingfisher in Frameworks */ = {isa = PBXBuildFile; productRef = EFA5C4062EB31CDF001F1627 /* Kingfisher */; };
		EFA5C40C2EB5DA8E001F1627 /* Config.xcconfig in Resources */ = {isa = PBXBuildFile; fileRef = EFA5C40B2EB5DA8E001F1627 /* Config.xcconfig */; };
		EFCBCE8D2EC99D3D00BA7740 /* RecommendedSongsResponseDTO.swift in Sources */ = {isa = PBXBuildFile; fileRef = EFCBCE8C2EC99D3D00BA7740 /* RecommendedSongsResponseDTO.swift */; };
		EFCBCE8E2EC99D3D00BA7740 /* RecommendedSongsResponseDTO.swift in Sources */ = {isa = PBXBuildFile; fileRef = EFCBCE8C2EC99D3D00BA7740 /* RecommendedSongsResponseDTO.swift */; };
		EFCBCE902EC9A14A00BA7740 /* HomeService.swift in Sources */ = {isa = PBXBuildFile; fileRef = EFCBCE8F2EC9A14A00BA7740 /* HomeService.swift */; };
		EFCBCE912EC9A14A00BA7740 /* HomeService.swift in Sources */ = {isa = PBXBuildFile; fileRef = EFCBCE8F2EC9A14A00BA7740 /* HomeService.swift */; };
		EFCBCE952EC9A91100BA7740 /* AppCoordinator.swift in Sources */ = {isa = PBXBuildFile; fileRef = EFCBCE942EC9A91100BA7740 /* AppCoordinator.swift */; };
		EFCBCE972EC9A91900BA7740 /* HomeCoordinator.swift in Sources */ = {isa = PBXBuildFile; fileRef = EFCBCE962EC9A91900BA7740 /* HomeCoordinator.swift */; };
		EFCBCE9B2EC9A9E300BA7740 /* Coordinator.swift in Sources */ = {isa = PBXBuildFile; fileRef = EFCBCE9A2EC9A9E300BA7740 /* Coordinator.swift */; };
		EFCBCE9D2EC9ABB900BA7740 /* MockHomeFeed.swift in Sources */ = {isa = PBXBuildFile; fileRef = EFCBCE9C2EC9ABB900BA7740 /* MockHomeFeed.swift */; };
		EFCBCE9F2EC9B1DA00BA7740 /* MusicDetailViewController.swift in Sources */ = {isa = PBXBuildFile; fileRef = EFCBCE9E2EC9B1DA00BA7740 /* MusicDetailViewController.swift */; };
		EFCBCEA72EC9B46B00BA7740 /* TabBarCoordinator.swift in Sources */ = {isa = PBXBuildFile; fileRef = EFCBCEA62EC9B46B00BA7740 /* TabBarCoordinator.swift */; };
		EFCBCEE22EC9B57C00BA7740 /* LaunchScreen.storyboard in Resources */ = {isa = PBXBuildFile; fileRef = EFCBCEDF2EC9B57C00BA7740 /* LaunchScreen.storyboard */; };
		EFCBCEE32EC9B57C00BA7740 /* SUIT-SemiBold.otf in Resources */ = {isa = PBXBuildFile; fileRef = EFCBCEDA2EC9B57C00BA7740 /* SUIT-SemiBold.otf */; };
		EFCBCEE42EC9B57C00BA7740 /* SUIT-Medium.otf in Resources */ = {isa = PBXBuildFile; fileRef = EFCBCED92EC9B57C00BA7740 /* SUIT-Medium.otf */; };
		EFCBCEE72EC9B57C00BA7740 /* Assets.xcassets in Resources */ = {isa = PBXBuildFile; fileRef = EFCBCEDC2EC9B57C00BA7740 /* Assets.xcassets */; };
		EFCBCEE92EC9B57C00BA7740 /* SUIT-Bold.otf in Resources */ = {isa = PBXBuildFile; fileRef = EFCBCED82EC9B57C00BA7740 /* SUIT-Bold.otf */; };
		EFCBCEEA2EC9B57C00BA7740 /* UIStackView+.swift in Sources */ = {isa = PBXBuildFile; fileRef = EFCBCED32EC9B57C00BA7740 /* UIStackView+.swift */; };
		EFCBCEEB2EC9B57C00BA7740 /* UIColor+.swift in Sources */ = {isa = PBXBuildFile; fileRef = EFCBCECF2EC9B57C00BA7740 /* UIColor+.swift */; };
		EFCBCEEC2EC9B57C00BA7740 /* UIView+.swift in Sources */ = {isa = PBXBuildFile; fileRef = EFCBCED52EC9B57C00BA7740 /* UIView+.swift */; };
		EFCBCEED2EC9B57C00BA7740 /* UITextField+.swift in Sources */ = {isa = PBXBuildFile; fileRef = EFCBCED42EC9B57C00BA7740 /* UITextField+.swift */; };
		EFCBCEEE2EC9B57C00BA7740 /* Iamge&IconLiterals.swift in Sources */ = {isa = PBXBuildFile; fileRef = EFCBCECE2EC9B57C00BA7740 /* Iamge&IconLiterals.swift */; };
		EFCBCEEF2EC9B57C00BA7740 /* UILabel+.swift in Sources */ = {isa = PBXBuildFile; fileRef = EFCBCED22EC9B57C00BA7740 /* UILabel+.swift */; };
		EFCBCEF02EC9B57C00BA7740 /* UIFont+.swift in Sources */ = {isa = PBXBuildFile; fileRef = EFCBCED02EC9B57C00BA7740 /* UIFont+.swift */; };
		EFCBCEF12EC9B57C00BA7740 /* UIImage+.swift in Sources */ = {isa = PBXBuildFile; fileRef = EFCBCED12EC9B57C00BA7740 /* UIImage+.swift */; };
		EFCBCEF82EC9BA7D00BA7740 /* MusicDetailNavigationBarView.swift in Sources */ = {isa = PBXBuildFile; fileRef = EFCBCEF62EC9BA7D00BA7740 /* MusicDetailNavigationBarView.swift */; };
		EFCBCF202ECC751F00BA7740 /* MusicDetailResponseDTO.swift in Sources */ = {isa = PBXBuildFile; fileRef = EFCBCF1F2ECC751F00BA7740 /* MusicDetailResponseDTO.swift */; };
		EFCBCF212ECC751F00BA7740 /* MusicDetailResponseDTO.swift in Sources */ = {isa = PBXBuildFile; fileRef = EFCBCF1F2ECC751F00BA7740 /* MusicDetailResponseDTO.swift */; };
		EFCBCF272ECC754B00BA7740 /* MusicDetailUseCase.swift in Sources */ = {isa = PBXBuildFile; fileRef = EFCBCF252ECC754B00BA7740 /* MusicDetailUseCase.swift */; };
		EFCBCF282ECC754B00BA7740 /* MusicDetailUseCase.swift in Sources */ = {isa = PBXBuildFile; fileRef = EFCBCF252ECC754B00BA7740 /* MusicDetailUseCase.swift */; };
		EFCBCF2A2ECC755C00BA7740 /* MusicDetailEntitys.swift in Sources */ = {isa = PBXBuildFile; fileRef = EFCBCF292ECC755C00BA7740 /* MusicDetailEntitys.swift */; };
		EFCBCF2B2ECC755C00BA7740 /* MusicDetailEntitys.swift in Sources */ = {isa = PBXBuildFile; fileRef = EFCBCF292ECC755C00BA7740 /* MusicDetailEntitys.swift */; };
		EFCBCF332ECC75CF00BA7740 /* MockMusicDetail.swift in Sources */ = {isa = PBXBuildFile; fileRef = EFCBCF312ECC75CF00BA7740 /* MockMusicDetail.swift */; };
		EFCBCF352ECC75F900BA7740 /* MusicDetailRepository.swift in Sources */ = {isa = PBXBuildFile; fileRef = EFCBCF342ECC75F900BA7740 /* MusicDetailRepository.swift */; };
		EFCBCF362ECC75F900BA7740 /* MusicDetailRepository.swift in Sources */ = {isa = PBXBuildFile; fileRef = EFCBCF342ECC75F900BA7740 /* MusicDetailRepository.swift */; };
		EFCBCF382ECC761700BA7740 /* MusicDetailService.swift in Sources */ = {isa = PBXBuildFile; fileRef = EFCBCF372ECC761700BA7740 /* MusicDetailService.swift */; };
		EFCBCF392ECC761700BA7740 /* MusicDetailService.swift in Sources */ = {isa = PBXBuildFile; fileRef = EFCBCF372ECC761700BA7740 /* MusicDetailService.swift */; };
		EFCBCF3B2ECC77A600BA7740 /* MusicDetailViewModel.swift in Sources */ = {isa = PBXBuildFile; fileRef = EFCBCF3A2ECC77A600BA7740 /* MusicDetailViewModel.swift */; };
		EFCBCF432ED4983400BA7740 /* MusicAddViewController.swift in Sources */ = {isa = PBXBuildFile; fileRef = EFCBCF422ED4983400BA7740 /* MusicAddViewController.swift */; };
		EFCBCF472ED4989B00BA7740 /* MusicAddNavigationBarView.swift in Sources */ = {isa = PBXBuildFile; fileRef = EFCBCF462ED4989B00BA7740 /* MusicAddNavigationBarView.swift */; };
		EFCBCF4D2ED49A6F00BA7740 /* MusicAddResponseDTO.swift in Sources */ = {isa = PBXBuildFile; fileRef = EFCBCF4C2ED49A6F00BA7740 /* MusicAddResponseDTO.swift */; };
		EFCBCF4E2ED49A6F00BA7740 /* MusicAddResponseDTO.swift in Sources */ = {isa = PBXBuildFile; fileRef = EFCBCF4C2ED49A6F00BA7740 /* MusicAddResponseDTO.swift */; };
		EFCBCF522ED49AE900BA7740 /* MusicAddMock.swift in Sources */ = {isa = PBXBuildFile; fileRef = EFCBCF512ED49AE900BA7740 /* MusicAddMock.swift */; };
		EFCBCF562ED49BD400BA7740 /* SongSearchCell.swift in Sources */ = {isa = PBXBuildFile; fileRef = EFCBCF552ED49BD400BA7740 /* SongSearchCell.swift */; };
		EFCBCF582ED49D7700BA7740 /* MusicAddCoordinator.swift in Sources */ = {isa = PBXBuildFile; fileRef = EFCBCF572ED49D7700BA7740 /* MusicAddCoordinator.swift */; };
		EFCBCF5A2ED4AA7200BA7740 /* MusicAddViewModel.swift in Sources */ = {isa = PBXBuildFile; fileRef = EFCBCF592ED4AA7200BA7740 /* MusicAddViewModel.swift */; };
		EFCBCF5C2ED587A400BA7740 /* MusicCommentViewController.swift in Sources */ = {isa = PBXBuildFile; fileRef = EFCBCF5B2ED587A400BA7740 /* MusicCommentViewController.swift */; };
		EFCBCF5E2ED58B0300BA7740 /* MusicCommentViewModel.swift in Sources */ = {isa = PBXBuildFile; fileRef = EFCBCF5D2ED58B0300BA7740 /* MusicCommentViewModel.swift */; };
		EFCBCF682ED58E0900BA7740 /* MusicCommentNavigationBarView.swift in Sources */ = {isa = PBXBuildFile; fileRef = EFCBCF672ED58E0900BA7740 /* MusicCommentNavigationBarView.swift */; };
/* End PBXBuildFile section */

/* Begin PBXContainerItemProxy section */
		EFA5C3512EB3061C001F1627 /* PBXContainerItemProxy */ = {
			isa = PBXContainerItemProxy;
			containerPortal = EFA5C3322EB3061B001F1627 /* Project object */;
			proxyType = 1;
			remoteGlobalIDString = EFA5C3392EB3061B001F1627;
			remoteInfo = "DPlay-iOS";
		};
		EFA5C35B2EB3061C001F1627 /* PBXContainerItemProxy */ = {
			isa = PBXContainerItemProxy;
			containerPortal = EFA5C3322EB3061B001F1627 /* Project object */;
			proxyType = 1;
			remoteGlobalIDString = EFA5C3392EB3061B001F1627;
			remoteInfo = "DPlay-iOS";
		};
/* End PBXContainerItemProxy section */

/* Begin PBXFileReference section */
		D01893F02ECA5343002A48C1 /* UserSession.swift */ = {isa = PBXFileReference; lastKnownFileType = sourcecode.swift; path = UserSession.swift; sourceTree = "<group>"; };
		D01893F22ECA54B0002A48C1 /* AuthUseCase.swift */ = {isa = PBXFileReference; lastKnownFileType = sourcecode.swift; path = AuthUseCase.swift; sourceTree = "<group>"; };
		D01893F82ECA54F6002A48C1 /* AuthRepository.swift */ = {isa = PBXFileReference; lastKnownFileType = sourcecode.swift; path = AuthRepository.swift; sourceTree = "<group>"; };
		D01893FD2ECA5CCC002A48C1 /* TermsViewController.swift */ = {isa = PBXFileReference; lastKnownFileType = sourcecode.swift; path = TermsViewController.swift; sourceTree = "<group>"; };
		D01894002ECA6074002A48C1 /* AgreementItemView.swift */ = {isa = PBXFileReference; lastKnownFileType = sourcecode.swift; path = AgreementItemView.swift; sourceTree = "<group>"; };
		D01894112ECA6D3B002A48C1 /* AllAgreementButton.swift */ = {isa = PBXFileReference; lastKnownFileType = sourcecode.swift; path = AllAgreementButton.swift; sourceTree = "<group>"; };
		D05A62EB2EC1C6F700B56DFD /* SplashViewController.swift */ = {isa = PBXFileReference; lastKnownFileType = sourcecode.swift; path = SplashViewController.swift; sourceTree = "<group>"; };
		D05A62F52EC1CF9B00B56DFD /* LoginViewController.swift */ = {isa = PBXFileReference; lastKnownFileType = sourcecode.swift; path = LoginViewController.swift; sourceTree = "<group>"; };
		D05B9A602ECB4D5E001379C4 /* Nickname.swift */ = {isa = PBXFileReference; lastKnownFileType = sourcecode.swift; path = Nickname.swift; sourceTree = "<group>"; };
		D05B9A632ECB5069001379C4 /* OnboardingUseCase.swift */ = {isa = PBXFileReference; lastKnownFileType = sourcecode.swift; path = OnboardingUseCase.swift; sourceTree = "<group>"; };
		D05B9A672ECB5109001379C4 /* OnboardingRepository.swift */ = {isa = PBXFileReference; lastKnownFileType = sourcecode.swift; path = OnboardingRepository.swift; sourceTree = "<group>"; };
		D06B4AB92ED0DC0A00DB0107 /* AuthDTO.swift */ = {isa = PBXFileReference; lastKnownFileType = sourcecode.swift; path = AuthDTO.swift; sourceTree = "<group>"; };
		D06B4ABC2ED0E05400DB0107 /* AuthService.swift */ = {isa = PBXFileReference; lastKnownFileType = sourcecode.swift; path = AuthService.swift; sourceTree = "<group>"; };
		D071854C2ECAC1470055FEBE /* TermsViewModel.swift */ = {isa = PBXFileReference; lastKnownFileType = sourcecode.swift; path = TermsViewModel.swift; sourceTree = "<group>"; };
		D07185512ECACD820055FEBE /* ProfileSettingViewController.swift */ = {isa = PBXFileReference; lastKnownFileType = sourcecode.swift; path = ProfileSettingViewController.swift; sourceTree = "<group>"; };
		D07185542ECACDA00055FEBE /* ProfileSettingViewModel.swift */ = {isa = PBXFileReference; lastKnownFileType = sourcecode.swift; path = ProfileSettingViewModel.swift; sourceTree = "<group>"; };
		D07185572ECAE9A10055FEBE /* ProfileImageSelectButton.swift */ = {isa = PBXFileReference; lastKnownFileType = sourcecode.swift; path = ProfileImageSelectButton.swift; sourceTree = "<group>"; };
		D0F278EA2ED44C7C001D788E /* OnboardingCoordinator.swift */ = {isa = PBXFileReference; lastKnownFileType = sourcecode.swift; path = OnboardingCoordinator.swift; sourceTree = "<group>"; };
		EF0030102EC1FC43009E6532 /* HomeViewController.swift */ = {isa = PBXFileReference; lastKnownFileType = sourcecode.swift; path = HomeViewController.swift; sourceTree = "<group>"; };
		EF25602F2EBDD198003E65C9 /* HomeEntitys.swift */ = {isa = PBXFileReference; lastKnownFileType = sourcecode.swift; path = HomeEntitys.swift; sourceTree = "<group>"; };
		EF2560352EBDD220003E65C9 /* HomeViewUseCase.swift */ = {isa = PBXFileReference; lastKnownFileType = sourcecode.swift; path = HomeViewUseCase.swift; sourceTree = "<group>"; };
		EF2560382EBDD3EE003E65C9 /* HomeRepository.swift */ = {isa = PBXFileReference; lastKnownFileType = sourcecode.swift; path = HomeRepository.swift; sourceTree = "<group>"; };
		EF2560452EBDD8CB003E65C9 /* HomeViewModel.swift */ = {isa = PBXFileReference; lastKnownFileType = sourcecode.swift; path = HomeViewModel.swift; sourceTree = "<group>"; };
		EF55682E2EC72BB600A1EEED /* HomeNavigationBarView.swift */ = {isa = PBXFileReference; lastKnownFileType = sourcecode.swift; path = HomeNavigationBarView.swift; sourceTree = "<group>"; };
		EF5568322EC72F9E00A1EEED /* MusicAlbumCell.swift */ = {isa = PBXFileReference; lastKnownFileType = sourcecode.swift; path = MusicAlbumCell.swift; sourceTree = "<group>"; };
		EF5A94712ED5B286001B56B8 /* CommentGuidePopupView.swift */ = {isa = PBXFileReference; lastKnownFileType = sourcecode.swift; path = CommentGuidePopupView.swift; sourceTree = "<group>"; };
		EF5A94782ED80F16001B56B8 /* ToastView.swift */ = {isa = PBXFileReference; lastKnownFileType = sourcecode.swift; path = ToastView.swift; sourceTree = "<group>"; };
		EF5A947E2ED80F23001B56B8 /* ToastManager.swift */ = {isa = PBXFileReference; lastKnownFileType = sourcecode.swift; path = ToastManager.swift; sourceTree = "<group>"; };
		EF5A94812ED83B0A001B56B8 /* RecommendationPopupView.swift */ = {isa = PBXFileReference; lastKnownFileType = sourcecode.swift; path = RecommendationPopupView.swift; sourceTree = "<group>"; };
		EF5A94872ED87D46001B56B8 /* ReportSheetView.swift */ = {isa = PBXFileReference; lastKnownFileType = sourcecode.swift; path = ReportSheetView.swift; sourceTree = "<group>"; };
		EF7537D62EC838DE00F28DE3 /* MainTabBarController.swift */ = {isa = PBXFileReference; lastKnownFileType = sourcecode.swift; path = MainTabBarController.swift; sourceTree = "<group>"; };
		EF7537F22EC848C100F28DE3 /* CustomTabBarView.swift */ = {isa = PBXFileReference; lastKnownFileType = sourcecode.swift; path = CustomTabBarView.swift; sourceTree = "<group>"; };
		EFA5C33A2EB3061B001F1627 /* DPlay-iOS.app */ = {isa = PBXFileReference; explicitFileType = wrapper.application; includeInIndex = 0; path = "DPlay-iOS.app"; sourceTree = BUILT_PRODUCTS_DIR; };
		EFA5C3502EB3061C001F1627 /* DPlay-iOSTests.xctest */ = {isa = PBXFileReference; explicitFileType = wrapper.cfbundle; includeInIndex = 0; path = "DPlay-iOSTests.xctest"; sourceTree = BUILT_PRODUCTS_DIR; };
		EFA5C35A2EB3061C001F1627 /* DPlay-iOSUITests.xctest */ = {isa = PBXFileReference; explicitFileType = wrapper.cfbundle; includeInIndex = 0; path = "DPlay-iOSUITests.xctest"; sourceTree = BUILT_PRODUCTS_DIR; };
		EFA5C3752EB31484001F1627 /* SceneDelegate.swift */ = {isa = PBXFileReference; lastKnownFileType = sourcecode.swift; path = SceneDelegate.swift; sourceTree = "<group>"; };
		EFA5C37F2EB31488001F1627 /* DPlay_iOSTests.swift */ = {isa = PBXFileReference; lastKnownFileType = sourcecode.swift; path = DPlay_iOSTests.swift; sourceTree = "<group>"; };
		EFA5C3822EB3148C001F1627 /* DPlay_iOSUITests.swift */ = {isa = PBXFileReference; lastKnownFileType = sourcecode.swift; path = DPlay_iOSUITests.swift; sourceTree = "<group>"; };
		EFA5C3832EB3148C001F1627 /* DPlay_iOSUITestsLaunchTests.swift */ = {isa = PBXFileReference; lastKnownFileType = sourcecode.swift; path = DPlay_iOSUITestsLaunchTests.swift; sourceTree = "<group>"; };
		EFA5C3882EB3149C001F1627 /* AppDelegate.swift */ = {isa = PBXFileReference; lastKnownFileType = sourcecode.swift; path = AppDelegate.swift; sourceTree = "<group>"; };
		EFA5C40B2EB5DA8E001F1627 /* Config.xcconfig */ = {isa = PBXFileReference; lastKnownFileType = text.xcconfig; path = Config.xcconfig; sourceTree = "<group>"; };
		EFCBCE8C2EC99D3D00BA7740 /* RecommendedSongsResponseDTO.swift */ = {isa = PBXFileReference; lastKnownFileType = sourcecode.swift; path = RecommendedSongsResponseDTO.swift; sourceTree = "<group>"; };
		EFCBCE8F2EC9A14A00BA7740 /* HomeService.swift */ = {isa = PBXFileReference; lastKnownFileType = sourcecode.swift; path = HomeService.swift; sourceTree = "<group>"; };
		EFCBCE942EC9A91100BA7740 /* AppCoordinator.swift */ = {isa = PBXFileReference; lastKnownFileType = sourcecode.swift; path = AppCoordinator.swift; sourceTree = "<group>"; };
		EFCBCE962EC9A91900BA7740 /* HomeCoordinator.swift */ = {isa = PBXFileReference; lastKnownFileType = sourcecode.swift; path = HomeCoordinator.swift; sourceTree = "<group>"; };
		EFCBCE9A2EC9A9E300BA7740 /* Coordinator.swift */ = {isa = PBXFileReference; lastKnownFileType = sourcecode.swift; path = Coordinator.swift; sourceTree = "<group>"; };
		EFCBCE9C2EC9ABB900BA7740 /* MockHomeFeed.swift */ = {isa = PBXFileReference; lastKnownFileType = sourcecode.swift; path = MockHomeFeed.swift; sourceTree = "<group>"; };
		EFCBCE9E2EC9B1DA00BA7740 /* MusicDetailViewController.swift */ = {isa = PBXFileReference; lastKnownFileType = sourcecode.swift; path = MusicDetailViewController.swift; sourceTree = "<group>"; };
		EFCBCEA62EC9B46B00BA7740 /* TabBarCoordinator.swift */ = {isa = PBXFileReference; lastKnownFileType = sourcecode.swift; path = TabBarCoordinator.swift; sourceTree = "<group>"; };
		EFCBCECE2EC9B57C00BA7740 /* Iamge&IconLiterals.swift */ = {isa = PBXFileReference; lastKnownFileType = sourcecode.swift; path = "Iamge&IconLiterals.swift"; sourceTree = "<group>"; };
		EFCBCECF2EC9B57C00BA7740 /* UIColor+.swift */ = {isa = PBXFileReference; lastKnownFileType = sourcecode.swift; path = "UIColor+.swift"; sourceTree = "<group>"; };
		EFCBCED02EC9B57C00BA7740 /* UIFont+.swift */ = {isa = PBXFileReference; lastKnownFileType = sourcecode.swift; path = "UIFont+.swift"; sourceTree = "<group>"; };
		EFCBCED12EC9B57C00BA7740 /* UIImage+.swift */ = {isa = PBXFileReference; lastKnownFileType = sourcecode.swift; path = "UIImage+.swift"; sourceTree = "<group>"; };
		EFCBCED22EC9B57C00BA7740 /* UILabel+.swift */ = {isa = PBXFileReference; lastKnownFileType = sourcecode.swift; path = "UILabel+.swift"; sourceTree = "<group>"; };
		EFCBCED32EC9B57C00BA7740 /* UIStackView+.swift */ = {isa = PBXFileReference; lastKnownFileType = sourcecode.swift; path = "UIStackView+.swift"; sourceTree = "<group>"; };
		EFCBCED42EC9B57C00BA7740 /* UITextField+.swift */ = {isa = PBXFileReference; lastKnownFileType = sourcecode.swift; path = "UITextField+.swift"; sourceTree = "<group>"; };
		EFCBCED52EC9B57C00BA7740 /* UIView+.swift */ = {isa = PBXFileReference; lastKnownFileType = sourcecode.swift; path = "UIView+.swift"; sourceTree = "<group>"; };
		EFCBCED82EC9B57C00BA7740 /* SUIT-Bold.otf */ = {isa = PBXFileReference; lastKnownFileType = file; path = "SUIT-Bold.otf"; sourceTree = "<group>"; };
		EFCBCED92EC9B57C00BA7740 /* SUIT-Medium.otf */ = {isa = PBXFileReference; lastKnownFileType = file; path = "SUIT-Medium.otf"; sourceTree = "<group>"; };
		EFCBCEDA2EC9B57C00BA7740 /* SUIT-SemiBold.otf */ = {isa = PBXFileReference; lastKnownFileType = file; path = "SUIT-SemiBold.otf"; sourceTree = "<group>"; };
		EFCBCEDC2EC9B57C00BA7740 /* Assets.xcassets */ = {isa = PBXFileReference; lastKnownFileType = folder.assetcatalog; path = Assets.xcassets; sourceTree = "<group>"; };
		EFCBCEDD2EC9B57C00BA7740 /* Info.plist */ = {isa = PBXFileReference; lastKnownFileType = text.plist.xml; path = Info.plist; sourceTree = "<group>"; };
		EFCBCEDE2EC9B57C00BA7740 /* Base */ = {isa = PBXFileReference; lastKnownFileType = file.storyboard; name = Base; path = Base.lproj/LaunchScreen.storyboard; sourceTree = "<group>"; };
		EFCBCEF62EC9BA7D00BA7740 /* MusicDetailNavigationBarView.swift */ = {isa = PBXFileReference; lastKnownFileType = sourcecode.swift; path = MusicDetailNavigationBarView.swift; sourceTree = "<group>"; };
		EFCBCF1F2ECC751F00BA7740 /* MusicDetailResponseDTO.swift */ = {isa = PBXFileReference; lastKnownFileType = sourcecode.swift; path = MusicDetailResponseDTO.swift; sourceTree = "<group>"; };
		EFCBCF252ECC754B00BA7740 /* MusicDetailUseCase.swift */ = {isa = PBXFileReference; lastKnownFileType = sourcecode.swift; path = MusicDetailUseCase.swift; sourceTree = "<group>"; };
		EFCBCF292ECC755C00BA7740 /* MusicDetailEntitys.swift */ = {isa = PBXFileReference; lastKnownFileType = sourcecode.swift; path = MusicDetailEntitys.swift; sourceTree = "<group>"; };
		EFCBCF312ECC75CF00BA7740 /* MockMusicDetail.swift */ = {isa = PBXFileReference; lastKnownFileType = sourcecode.swift; path = MockMusicDetail.swift; sourceTree = "<group>"; };
		EFCBCF342ECC75F900BA7740 /* MusicDetailRepository.swift */ = {isa = PBXFileReference; lastKnownFileType = sourcecode.swift; path = MusicDetailRepository.swift; sourceTree = "<group>"; };
		EFCBCF372ECC761700BA7740 /* MusicDetailService.swift */ = {isa = PBXFileReference; lastKnownFileType = sourcecode.swift; path = MusicDetailService.swift; sourceTree = "<group>"; };
		EFCBCF3A2ECC77A600BA7740 /* MusicDetailViewModel.swift */ = {isa = PBXFileReference; lastKnownFileType = sourcecode.swift; path = MusicDetailViewModel.swift; sourceTree = "<group>"; };
		EFCBCF422ED4983400BA7740 /* MusicAddViewController.swift */ = {isa = PBXFileReference; lastKnownFileType = sourcecode.swift; path = MusicAddViewController.swift; sourceTree = "<group>"; };
		EFCBCF462ED4989B00BA7740 /* MusicAddNavigationBarView.swift */ = {isa = PBXFileReference; lastKnownFileType = sourcecode.swift; path = MusicAddNavigationBarView.swift; sourceTree = "<group>"; };
		EFCBCF4C2ED49A6F00BA7740 /* MusicAddResponseDTO.swift */ = {isa = PBXFileReference; lastKnownFileType = sourcecode.swift; path = MusicAddResponseDTO.swift; sourceTree = "<group>"; };
		EFCBCF512ED49AE900BA7740 /* MusicAddMock.swift */ = {isa = PBXFileReference; lastKnownFileType = sourcecode.swift; path = MusicAddMock.swift; sourceTree = "<group>"; };
		EFCBCF552ED49BD400BA7740 /* SongSearchCell.swift */ = {isa = PBXFileReference; lastKnownFileType = sourcecode.swift; path = SongSearchCell.swift; sourceTree = "<group>"; };
		EFCBCF572ED49D7700BA7740 /* MusicAddCoordinator.swift */ = {isa = PBXFileReference; lastKnownFileType = sourcecode.swift; path = MusicAddCoordinator.swift; sourceTree = "<group>"; };
		EFCBCF592ED4AA7200BA7740 /* MusicAddViewModel.swift */ = {isa = PBXFileReference; lastKnownFileType = sourcecode.swift; path = MusicAddViewModel.swift; sourceTree = "<group>"; };
		EFCBCF5B2ED587A400BA7740 /* MusicCommentViewController.swift */ = {isa = PBXFileReference; lastKnownFileType = sourcecode.swift; path = MusicCommentViewController.swift; sourceTree = "<group>"; };
		EFCBCF5D2ED58B0300BA7740 /* MusicCommentViewModel.swift */ = {isa = PBXFileReference; lastKnownFileType = sourcecode.swift; path = MusicCommentViewModel.swift; sourceTree = "<group>"; };
		EFCBCF672ED58E0900BA7740 /* MusicCommentNavigationBarView.swift */ = {isa = PBXFileReference; lastKnownFileType = sourcecode.swift; path = MusicCommentNavigationBarView.swift; sourceTree = "<group>"; };
/* End PBXFileReference section */

/* Begin PBXFrameworksBuildPhase section */
		EFA5C3372EB3061B001F1627 /* Frameworks */ = {
			isa = PBXFrameworksBuildPhase;
			buildActionMask = 2147483647;
			files = (
				EFA5C4072EB31CDF001F1627 /* Kingfisher in Frameworks */,
				EFA5C4042EB31CAB001F1627 /* Alamofire in Frameworks */,
				EFA5C3DD2EB31840001F1627 /* Then in Frameworks */,
				EFA5C3FA2EB31B6C001F1627 /* SnapKit in Frameworks */,
			);
			runOnlyForDeploymentPostprocessing = 0;
		};
		EFA5C34D2EB3061C001F1627 /* Frameworks */ = {
			isa = PBXFrameworksBuildPhase;
			buildActionMask = 2147483647;
			files = (
			);
			runOnlyForDeploymentPostprocessing = 0;
		};
		EFA5C3572EB3061C001F1627 /* Frameworks */ = {
			isa = PBXFrameworksBuildPhase;
			buildActionMask = 2147483647;
			files = (
			);
			runOnlyForDeploymentPostprocessing = 0;
		};
/* End PBXFrameworksBuildPhase section */

/* Begin PBXGroup section */
		D01893E62ECA4C77002A48C1 /* Auth */ = {
			isa = PBXGroup;
			children = (
				D01893EC2ECA4F71002A48C1 /* Entity */,
				D01893ED2ECA4F78002A48C1 /* UseCase */,
			);
			path = Auth;
			sourceTree = "<group>";
		};
		D01893EC2ECA4F71002A48C1 /* Entity */ = {
			isa = PBXGroup;
			children = (
				D01893F02ECA5343002A48C1 /* UserSession.swift */,
			);
			path = Entity;
			sourceTree = "<group>";
		};
		D01893ED2ECA4F78002A48C1 /* UseCase */ = {
			isa = PBXGroup;
			children = (
				D01893F22ECA54B0002A48C1 /* AuthUseCase.swift */,
			);
			path = UseCase;
			sourceTree = "<group>";
		};
		D01893F52ECA54D0002A48C1 /* Repository */ = {
			isa = PBXGroup;
			children = (
				D01893F82ECA54F6002A48C1 /* AuthRepository.swift */,
			);
			path = Repository;
			sourceTree = "<group>";
		};
		D01893F72ECA54D0002A48C1 /* Auth */ = {
			isa = PBXGroup;
			children = (
				D06B4AB82ED0DC0300DB0107 /* DTO */,
				D01893F52ECA54D0002A48C1 /* Repository */,
				D06B4ABB2ED0E04A00DB0107 /* Service */,
			);
			path = Auth;
			sourceTree = "<group>";
		};
		D01893FA2ECA5C7E002A48C1 /* Onboarding */ = {
			isa = PBXGroup;
			children = (
				D01893FB2ECA5C90002A48C1 /* Terms */,
				D071854E2ECACD680055FEBE /* ProfileSetting */,
			);
			path = Onboarding;
			sourceTree = "<group>";
		};
		D01893FB2ECA5C90002A48C1 /* Terms */ = {
			isa = PBXGroup;
			children = (
				D01893FF2ECA6054002A48C1 /* Component */,
				D01893FC2ECA5CC7002A48C1 /* View */,
				D071854B2ECAC1390055FEBE /* ViewModel */,
			);
			path = Terms;
			sourceTree = "<group>";
		};
		D01893FC2ECA5CC7002A48C1 /* View */ = {
			isa = PBXGroup;
			children = (
				D01893FD2ECA5CCC002A48C1 /* TermsViewController.swift */,
			);
			path = View;
			sourceTree = "<group>";
		};
		D01893FF2ECA6054002A48C1 /* Component */ = {
			isa = PBXGroup;
			children = (
				D01894112ECA6D3B002A48C1 /* AllAgreementButton.swift */,
				D01894002ECA6074002A48C1 /* AgreementItemView.swift */,
			);
			path = Component;
			sourceTree = "<group>";
		};
		D05A62E92EC1A3C900B56DFD /* Splash */ = {
			isa = PBXGroup;
			children = (
				D05A62EA2EC1C6F000B56DFD /* View */,
			);
			path = Splash;
			sourceTree = "<group>";
		};
		D05A62EA2EC1C6F000B56DFD /* View */ = {
			isa = PBXGroup;
			children = (
				D05A62EB2EC1C6F700B56DFD /* SplashViewController.swift */,
			);
			path = View;
			sourceTree = "<group>";
		};
		D05A62F22EC1CF8200B56DFD /* Login */ = {
			isa = PBXGroup;
			children = (
				D05A62F42EC1CF9200B56DFD /* View */,
			);
			path = Login;
			sourceTree = "<group>";
		};
		D05A62F42EC1CF9200B56DFD /* View */ = {
			isa = PBXGroup;
			children = (
				D05A62F52EC1CF9B00B56DFD /* LoginViewController.swift */,
			);
			path = View;
			sourceTree = "<group>";
		};
		D05B9A5B2ECB4B04001379C4 /* Onboarding */ = {
			isa = PBXGroup;
			children = (
				D05B9A5D2ECB4B5A001379C4 /* ValueObject */,
				D05B9A622ECB5048001379C4 /* UseCase */,
			);
			path = Onboarding;
			sourceTree = "<group>";
		};
		D05B9A5D2ECB4B5A001379C4 /* ValueObject */ = {
			isa = PBXGroup;
			children = (
				D05B9A602ECB4D5E001379C4 /* Nickname.swift */,
			);
			path = ValueObject;
			sourceTree = "<group>";
		};
		D05B9A622ECB5048001379C4 /* UseCase */ = {
			isa = PBXGroup;
			children = (
				D05B9A632ECB5069001379C4 /* OnboardingUseCase.swift */,
			);
			path = UseCase;
			sourceTree = "<group>";
		};
		D05B9A652ECB50F6001379C4 /* Onboarding */ = {
			isa = PBXGroup;
			children = (
				D05B9A662ECB5101001379C4 /* Repository */,
			);
			path = Onboarding;
			sourceTree = "<group>";
		};
		D05B9A662ECB5101001379C4 /* Repository */ = {
			isa = PBXGroup;
			children = (
				D05B9A672ECB5109001379C4 /* OnboardingRepository.swift */,
			);
			path = Repository;
			sourceTree = "<group>";
		};
		D06B4AB82ED0DC0300DB0107 /* DTO */ = {
			isa = PBXGroup;
			children = (
				D06B4AB92ED0DC0A00DB0107 /* AuthDTO.swift */,
			);
			path = DTO;
			sourceTree = "<group>";
		};
		D06B4ABB2ED0E04A00DB0107 /* Service */ = {
			isa = PBXGroup;
			children = (
				D06B4ABC2ED0E05400DB0107 /* AuthService.swift */,
			);
			path = Service;
			sourceTree = "<group>";
		};
		D071854B2ECAC1390055FEBE /* ViewModel */ = {
			isa = PBXGroup;
			children = (
				D071854C2ECAC1470055FEBE /* TermsViewModel.swift */,
			);
			path = ViewModel;
			sourceTree = "<group>";
		};
		D071854E2ECACD680055FEBE /* ProfileSetting */ = {
			isa = PBXGroup;
			children = (
				D07185562ECAE9980055FEBE /* Component */,
				D07185502ECACD7D0055FEBE /* View */,
				D071854F2ECACD740055FEBE /* ViewModel */,
			);
			path = ProfileSetting;
			sourceTree = "<group>";
		};
		D071854F2ECACD740055FEBE /* ViewModel */ = {
			isa = PBXGroup;
			children = (
				D07185542ECACDA00055FEBE /* ProfileSettingViewModel.swift */,
			);
			path = ViewModel;
			sourceTree = "<group>";
		};
		D07185502ECACD7D0055FEBE /* View */ = {
			isa = PBXGroup;
			children = (
				D07185512ECACD820055FEBE /* ProfileSettingViewController.swift */,
			);
			path = View;
			sourceTree = "<group>";
		};
		D07185562ECAE9980055FEBE /* Component */ = {
			isa = PBXGroup;
			children = (
				D07185572ECAE9A10055FEBE /* ProfileImageSelectButton.swift */,
			);
			path = Component;
			sourceTree = "<group>";
		};
		EF0030112EC1FC43009E6532 /* View */ = {
			isa = PBXGroup;
			children = (
				EF55682D2EC72BAB00A1EEED /* SubView */,
				EF0030142EC1FC4B009E6532 /* Cell */,
				EF0030102EC1FC43009E6532 /* HomeViewController.swift */,
			);
			path = View;
			sourceTree = "<group>";
		};
		EF0030142EC1FC4B009E6532 /* Cell */ = {
			isa = PBXGroup;
			children = (
				EF5568322EC72F9E00A1EEED /* MusicAlbumCell.swift */,
			);
			path = Cell;
			sourceTree = "<group>";
		};
		EF25603C2EBDD5D4003E65C9 /* Home */ = {
			isa = PBXGroup;
			children = (
				EFCBCE9C2EC9ABB900BA7740 /* MockHomeFeed.swift */,
			);
			path = Home;
			sourceTree = "<group>";
		};
		EF2560442EBDD89A003E65C9 /* ViewModel */ = {
			isa = PBXGroup;
			children = (
				EF2560452EBDD8CB003E65C9 /* HomeViewModel.swift */,
			);
			path = ViewModel;
			sourceTree = "<group>";
		};
		EF55682D2EC72BAB00A1EEED /* SubView */ = {
			isa = PBXGroup;
			children = (
				EF55682E2EC72BB600A1EEED /* HomeNavigationBarView.swift */,
				EF5A94812ED83B0A001B56B8 /* RecommendationPopupView.swift */,
			);
			path = SubView;
			sourceTree = "<group>";
		};
		EF5A94792ED80F16001B56B8 /* CommonUI */ = {
			isa = PBXGroup;
			children = (
				EF5A94782ED80F16001B56B8 /* ToastView.swift */,
				EF5A94872ED87D46001B56B8 /* ReportSheetView.swift */,
			);
			path = CommonUI;
			sourceTree = "<group>";
		};
		EF5A947F2ED80F23001B56B8 /* Manager */ = {
			isa = PBXGroup;
			children = (
				EF5A947E2ED80F23001B56B8 /* ToastManager.swift */,
			);
			path = Manager;
			sourceTree = "<group>";
		};
		EF7537D42EC838A900F28DE3 /* View */ = {
			isa = PBXGroup;
			children = (
				EF7537D62EC838DE00F28DE3 /* MainTabBarController.swift */,
				EF7537F22EC848C100F28DE3 /* CustomTabBarView.swift */,
			);
			path = View;
			sourceTree = "<group>";
		};
		EF7537D52EC838A900F28DE3 /* TabBar */ = {
			isa = PBXGroup;
			children = (
				EF7537D42EC838A900F28DE3 /* View */,
			);
			path = TabBar;
			sourceTree = "<group>";
		};
		EFA5C3312EB3061B001F1627 = {
			isa = PBXGroup;
			children = (
				EFA5C3772EB31484001F1627 /* DPlay-iOS */,
				EFA5C3802EB31488001F1627 /* DPlay-iOSTests */,
				EFA5C3842EB3148C001F1627 /* DPlay-iOSUITests */,
				EFA5C33B2EB3061B001F1627 /* Products */,
			);
			sourceTree = "<group>";
		};
		EFA5C33B2EB3061B001F1627 /* Products */ = {
			isa = PBXGroup;
			children = (
				EFA5C33A2EB3061B001F1627 /* DPlay-iOS.app */,
				EFA5C3502EB3061C001F1627 /* DPlay-iOSTests.xctest */,
				EFA5C35A2EB3061C001F1627 /* DPlay-iOSUITests.xctest */,
			);
			name = Products;
			sourceTree = "<group>";
		};
		EFA5C3772EB31484001F1627 /* DPlay-iOS */ = {
			isa = PBXGroup;
			children = (
				EFA5C40B2EB5DA8E001F1627 /* Config.xcconfig */,
				EFA5C3892EB3149C001F1627 /* App */,
				EFA5C3A72EB31696001F1627 /* Data */,
				EFA5C3952EB314D8001F1627 /* Domain */,
				EFA5C38D2EB314B3001F1627 /* Presentation */,
				EFCBCEE12EC9B57C00BA7740 /* Global */,
				EFA5C3DE2EB31849001F1627 /* Mocks & Stubs */,
			);
			path = "DPlay-iOS";
			sourceTree = "<group>";
		};
		EFA5C3802EB31488001F1627 /* DPlay-iOSTests */ = {
			isa = PBXGroup;
			children = (
				EFA5C37F2EB31488001F1627 /* DPlay_iOSTests.swift */,
			);
			path = "DPlay-iOSTests";
			sourceTree = "<group>";
		};
		EFA5C3842EB3148C001F1627 /* DPlay-iOSUITests */ = {
			isa = PBXGroup;
			children = (
				EFA5C3822EB3148C001F1627 /* DPlay_iOSUITests.swift */,
				EFA5C3832EB3148C001F1627 /* DPlay_iOSUITestsLaunchTests.swift */,
			);
			path = "DPlay-iOSUITests";
			sourceTree = "<group>";
		};
		EFA5C3892EB3149C001F1627 /* App */ = {
			isa = PBXGroup;
			children = (
				EFCBCE932EC9A8FD00BA7740 /* Coordinator */,
				EFA5C3882EB3149C001F1627 /* AppDelegate.swift */,
				EFA5C3752EB31484001F1627 /* SceneDelegate.swift */,
			);
			path = App;
			sourceTree = "<group>";
		};
		EFA5C38D2EB314B3001F1627 /* Presentation */ = {
			isa = PBXGroup;
			children = (
				EF7537D52EC838A900F28DE3 /* TabBar */,
				EFA5C3FB2EB31BA0001F1627 /* Component */,
				D05A62E92EC1A3C900B56DFD /* Splash */,
				D05A62F22EC1CF8200B56DFD /* Login */,
				EFA5C3AA2EB316B6001F1627 /* Home */,
				D01893FA2ECA5C7E002A48C1 /* Onboarding */,
				EFCBCEA52EC9B25300BA7740 /* MusicDetail */,
				EFCBCF3D2ED4972B00BA7740 /* MusicAdd */,
				EFCBCF602ED58D9C00BA7740 /* MusicComment */,
			);
			path = Presentation;
			sourceTree = "<group>";
		};
		EFA5C3952EB314D8001F1627 /* Domain */ = {
			isa = PBXGroup;
			children = (
				D01893E62ECA4C77002A48C1 /* Auth */,
				EFCBCF142ECC743F00BA7740 /* MusicDetail */,
				EFA5C4012EB31C18001F1627 /* Home */,
				D05B9A5B2ECB4B04001379C4 /* Onboarding */,
			);
			path = Domain;
			sourceTree = "<group>";
		};
		EFA5C3A32EB31696001F1627 /* DTO */ = {
			isa = PBXGroup;
			children = (
				EFCBCE8C2EC99D3D00BA7740 /* RecommendedSongsResponseDTO.swift */,
			);
			path = DTO;
			sourceTree = "<group>";
		};
		EFA5C3A42EB31696001F1627 /* Repository */ = {
			isa = PBXGroup;
			children = (
				EF2560382EBDD3EE003E65C9 /* HomeRepository.swift */,
			);
			path = Repository;
			sourceTree = "<group>";
		};
		EFA5C3A52EB31696001F1627 /* Service */ = {
			isa = PBXGroup;
			children = (
				EFCBCE8F2EC9A14A00BA7740 /* HomeService.swift */,
			);
			path = Service;
			sourceTree = "<group>";
		};
		EFA5C3A62EB31696001F1627 /* Home */ = {
			isa = PBXGroup;
			children = (
				EFA5C3A32EB31696001F1627 /* DTO */,
				EFA5C3A42EB31696001F1627 /* Repository */,
				EFA5C3A52EB31696001F1627 /* Service */,
			);
			path = Home;
			sourceTree = "<group>";
		};
		EFA5C3A72EB31696001F1627 /* Data */ = {
			isa = PBXGroup;
			children = (
				D01893F72ECA54D0002A48C1 /* Auth */,
				EFCBCF182ECC747A00BA7740 /* MusicDetail */,
				EFCBCF492ED49A4400BA7740 /* MusicAdd */,
				EFA5C3A62EB31696001F1627 /* Home */,
				D05B9A652ECB50F6001379C4 /* Onboarding */,
			);
			path = Data;
			sourceTree = "<group>";
		};
		EFA5C3AA2EB316B6001F1627 /* Home */ = {
			isa = PBXGroup;
			children = (
				EF0030112EC1FC43009E6532 /* View */,
				EF2560442EBDD89A003E65C9 /* ViewModel */,
			);
			path = Home;
			sourceTree = "<group>";
		};
		EFA5C3DE2EB31849001F1627 /* Mocks & Stubs */ = {
			isa = PBXGroup;
			children = (
				EF25603C2EBDD5D4003E65C9 /* Home */,
				EFCBCF322ECC75CF00BA7740 /* MusicDetail */,
				EFCBCF502ED49ABC00BA7740 /* MusicAdd */,
			);
			path = "Mocks & Stubs";
			sourceTree = "<group>";
		};
		EFA5C3FB2EB31BA0001F1627 /* Component */ = {
			isa = PBXGroup;
			children = (
				EF5A94792ED80F16001B56B8 /* CommonUI */,
				EF5A947F2ED80F23001B56B8 /* Manager */,
			);
			path = Component;
			sourceTree = "<group>";
		};
		EFA5C3FF2EB31C18001F1627 /* Entity */ = {
			isa = PBXGroup;
			children = (
				EF25602F2EBDD198003E65C9 /* HomeEntitys.swift */,
			);
			path = Entity;
			sourceTree = "<group>";
		};
		EFA5C4002EB31C18001F1627 /* UseCase */ = {
			isa = PBXGroup;
			children = (
				EF2560352EBDD220003E65C9 /* HomeViewUseCase.swift */,
			);
			path = UseCase;
			sourceTree = "<group>";
		};
		EFA5C4012EB31C18001F1627 /* Home */ = {
			isa = PBXGroup;
			children = (
				EFA5C3FF2EB31C18001F1627 /* Entity */,
				EFA5C4002EB31C18001F1627 /* UseCase */,
			);
			path = Home;
			sourceTree = "<group>";
		};
		EFCBCE932EC9A8FD00BA7740 /* Coordinator */ = {
			isa = PBXGroup;
			children = (
				EFCBCE942EC9A91100BA7740 /* AppCoordinator.swift */,
				EFCBCE962EC9A91900BA7740 /* HomeCoordinator.swift */,
				EFCBCE9A2EC9A9E300BA7740 /* Coordinator.swift */,
				EFCBCEA62EC9B46B00BA7740 /* TabBarCoordinator.swift */,
				EFCBCF572ED49D7700BA7740 /* MusicAddCoordinator.swift */,
				D0F278EA2ED44C7C001D788E /* OnboardingCoordinator.swift */,
			);
			path = Coordinator;
			sourceTree = "<group>";
		};
		EFCBCEA32EC9B25300BA7740 /* View */ = {
			isa = PBXGroup;
			children = (
				EFCBCEF72EC9BA7D00BA7740 /* SubView */,
				EFCBCE9E2EC9B1DA00BA7740 /* MusicDetailViewController.swift */,
			);
			path = View;
			sourceTree = "<group>";
		};
		EFCBCEA42EC9B25300BA7740 /* ViewModel */ = {
			isa = PBXGroup;
			children = (
				EFCBCF3A2ECC77A600BA7740 /* MusicDetailViewModel.swift */,
			);
			path = ViewModel;
			sourceTree = "<group>";
		};
		EFCBCEA52EC9B25300BA7740 /* MusicDetail */ = {
			isa = PBXGroup;
			children = (
				EFCBCEA32EC9B25300BA7740 /* View */,
				EFCBCEA42EC9B25300BA7740 /* ViewModel */,
			);
			path = MusicDetail;
			sourceTree = "<group>";
		};
		EFCBCED62EC9B57C00BA7740 /* Extension */ = {
			isa = PBXGroup;
			children = (
				EFCBCECE2EC9B57C00BA7740 /* Iamge&IconLiterals.swift */,
				EFCBCECF2EC9B57C00BA7740 /* UIColor+.swift */,
				EFCBCED02EC9B57C00BA7740 /* UIFont+.swift */,
				EFCBCED12EC9B57C00BA7740 /* UIImage+.swift */,
				EFCBCED22EC9B57C00BA7740 /* UILabel+.swift */,
				EFCBCED32EC9B57C00BA7740 /* UIStackView+.swift */,
				EFCBCED42EC9B57C00BA7740 /* UITextField+.swift */,
				EFCBCED52EC9B57C00BA7740 /* UIView+.swift */,
			);
			path = Extension;
			sourceTree = "<group>";
		};
		EFCBCEDB2EC9B57C00BA7740 /* Font */ = {
			isa = PBXGroup;
			children = (
				EFCBCED82EC9B57C00BA7740 /* SUIT-Bold.otf */,
				EFCBCED92EC9B57C00BA7740 /* SUIT-Medium.otf */,
				EFCBCEDA2EC9B57C00BA7740 /* SUIT-SemiBold.otf */,
			);
			path = Font;
			sourceTree = "<group>";
		};
		EFCBCEE02EC9B57C00BA7740 /* Resource */ = {
			isa = PBXGroup;
			children = (
				EFCBCEDB2EC9B57C00BA7740 /* Font */,
				EFCBCEDC2EC9B57C00BA7740 /* Assets.xcassets */,
				EFCBCEDD2EC9B57C00BA7740 /* Info.plist */,
				EFCBCEDF2EC9B57C00BA7740 /* LaunchScreen.storyboard */,
			);
			path = Resource;
			sourceTree = "<group>";
		};
		EFCBCEE12EC9B57C00BA7740 /* Global */ = {
			isa = PBXGroup;
			children = (
				EFCBCED62EC9B57C00BA7740 /* Extension */,
				EFCBCEE02EC9B57C00BA7740 /* Resource */,
			);
			path = Global;
			sourceTree = "<group>";
		};
		EFCBCEF72EC9BA7D00BA7740 /* SubView */ = {
			isa = PBXGroup;
			children = (
				EFCBCEF62EC9BA7D00BA7740 /* MusicDetailNavigationBarView.swift */,
			);
			path = SubView;
			sourceTree = "<group>";
		};
		EFCBCF142ECC743F00BA7740 /* MusicDetail */ = {
			isa = PBXGroup;
			children = (
				EFCBCF232ECC754400BA7740 /* Entity */,
				EFCBCF262ECC754B00BA7740 /* UseCase */,
			);
			path = MusicDetail;
			sourceTree = "<group>";
		};
		EFCBCF182ECC747A00BA7740 /* MusicDetail */ = {
			isa = PBXGroup;
			children = (
				EFCBCF1C2ECC74A300BA7740 /* DTO */,
				EFCBCF1D2ECC74A500BA7740 /* Repository */,
				EFCBCF1E2ECC74A800BA7740 /* Service */,
			);
			path = MusicDetail;
			sourceTree = "<group>";
		};
		EFCBCF1C2ECC74A300BA7740 /* DTO */ = {
			isa = PBXGroup;
			children = (
				EFCBCF1F2ECC751F00BA7740 /* MusicDetailResponseDTO.swift */,
			);
			path = DTO;
			sourceTree = "<group>";
		};
		EFCBCF1D2ECC74A500BA7740 /* Repository */ = {
			isa = PBXGroup;
			children = (
				EFCBCF342ECC75F900BA7740 /* MusicDetailRepository.swift */,
			);
			path = Repository;
			sourceTree = "<group>";
		};
		EFCBCF1E2ECC74A800BA7740 /* Service */ = {
			isa = PBXGroup;
			children = (
				EFCBCF372ECC761700BA7740 /* MusicDetailService.swift */,
			);
			path = Service;
			sourceTree = "<group>";
		};
		EFCBCF232ECC754400BA7740 /* Entity */ = {
			isa = PBXGroup;
			children = (
				EFCBCF292ECC755C00BA7740 /* MusicDetailEntitys.swift */,
			);
			path = Entity;
			sourceTree = "<group>";
		};
		EFCBCF262ECC754B00BA7740 /* UseCase */ = {
			isa = PBXGroup;
			children = (
				EFCBCF252ECC754B00BA7740 /* MusicDetailUseCase.swift */,
			);
			path = UseCase;
			sourceTree = "<group>";
		};
		EFCBCF322ECC75CF00BA7740 /* MusicDetail */ = {
			isa = PBXGroup;
			children = (
				EFCBCF312ECC75CF00BA7740 /* MockMusicDetail.swift */,
			);
			path = MusicDetail;
			sourceTree = "<group>";
		};
		EFCBCF3D2ED4972B00BA7740 /* MusicAdd */ = {
			isa = PBXGroup;
			children = (
				EFCBCF402ED4981F00BA7740 /* View */,
				EFCBCF412ED4982100BA7740 /* ViewModel */,
			);
			path = MusicAdd;
			sourceTree = "<group>";
		};
		EFCBCF402ED4981F00BA7740 /* View */ = {
			isa = PBXGroup;
			children = (
				EFCBCF452ED4988E00BA7740 /* SubView */,
				EFCBCF542ED49BCD00BA7740 /* Cell */,
				EFCBCF422ED4983400BA7740 /* MusicAddViewController.swift */,
			);
			path = View;
			sourceTree = "<group>";
		};
		EFCBCF412ED4982100BA7740 /* ViewModel */ = {
			isa = PBXGroup;
			children = (
				EFCBCF592ED4AA7200BA7740 /* MusicAddViewModel.swift */,
			);
			path = ViewModel;
			sourceTree = "<group>";
		};
		EFCBCF452ED4988E00BA7740 /* SubView */ = {
			isa = PBXGroup;
			children = (
				EFCBCF462ED4989B00BA7740 /* MusicAddNavigationBarView.swift */,
			);
			path = SubView;
			sourceTree = "<group>";
		};
		EFCBCF492ED49A4400BA7740 /* MusicAdd */ = {
			isa = PBXGroup;
			children = (
				EFCBCF4B2ED49A5300BA7740 /* DTO */,
			);
			path = MusicAdd;
			sourceTree = "<group>";
		};
		EFCBCF4B2ED49A5300BA7740 /* DTO */ = {
			isa = PBXGroup;
			children = (
				EFCBCF4C2ED49A6F00BA7740 /* MusicAddResponseDTO.swift */,
			);
			path = DTO;
			sourceTree = "<group>";
		};
		EFCBCF502ED49ABC00BA7740 /* MusicAdd */ = {
			isa = PBXGroup;
			children = (
				EFCBCF512ED49AE900BA7740 /* MusicAddMock.swift */,
			);
			path = MusicAdd;
			sourceTree = "<group>";
		};
		EFCBCF542ED49BCD00BA7740 /* Cell */ = {
			isa = PBXGroup;
			children = (
				EFCBCF552ED49BD400BA7740 /* SongSearchCell.swift */,
			);
			path = Cell;
			sourceTree = "<group>";
		};
		EFCBCF602ED58D9C00BA7740 /* MusicComment */ = {
			isa = PBXGroup;
			children = (
				EFCBCF642ED58DC400BA7740 /* View */,
				EFCBCF5B2ED587A400BA7740 /* MusicCommentViewController.swift */,
				EFCBCF632ED58DC200BA7740 /* ViewModel */,
			);
			path = MusicComment;
			sourceTree = "<group>";
		};
		EFCBCF632ED58DC200BA7740 /* ViewModel */ = {
			isa = PBXGroup;
			children = (
				EFCBCF5D2ED58B0300BA7740 /* MusicCommentViewModel.swift */,
			);
			path = ViewModel;
			sourceTree = "<group>";
		};
		EFCBCF642ED58DC400BA7740 /* View */ = {
			isa = PBXGroup;
			children = (
				EFCBCF662ED58DE200BA7740 /* SubView */,
			);
			path = View;
			sourceTree = "<group>";
		};
		EFCBCF662ED58DE200BA7740 /* SubView */ = {
			isa = PBXGroup;
			children = (
				EFCBCF672ED58E0900BA7740 /* MusicCommentNavigationBarView.swift */,
				EF5A94712ED5B286001B56B8 /* CommentGuidePopupView.swift */,
			);
			path = SubView;
			sourceTree = "<group>";
		};
/* End PBXGroup section */

/* Begin PBXNativeTarget section */
		EFA5C3392EB3061B001F1627 /* DPlay-iOS */ = {
			isa = PBXNativeTarget;
			buildConfigurationList = EFA5C3632EB3061C001F1627 /* Build configuration list for PBXNativeTarget "DPlay-iOS" */;
			buildPhases = (
				EFA5C3362EB3061B001F1627 /* Sources */,
				EFA5C3372EB3061B001F1627 /* Frameworks */,
				EFA5C3382EB3061B001F1627 /* Resources */,
			);
			buildRules = (
			);
			dependencies = (
			);
			name = "DPlay-iOS";
			packageProductDependencies = (
				EFA5C3DC2EB31840001F1627 /* Then */,
				EFA5C3F92EB31B6C001F1627 /* SnapKit */,
				EFA5C4032EB31CAB001F1627 /* Alamofire */,
				EFA5C4062EB31CDF001F1627 /* Kingfisher */,
			);
			productName = "DPlay-iOS";
			productReference = EFA5C33A2EB3061B001F1627 /* DPlay-iOS.app */;
			productType = "com.apple.product-type.application";
		};
		EFA5C34F2EB3061C001F1627 /* DPlay-iOSTests */ = {
			isa = PBXNativeTarget;
			buildConfigurationList = EFA5C3682EB3061C001F1627 /* Build configuration list for PBXNativeTarget "DPlay-iOSTests" */;
			buildPhases = (
				EFA5C34C2EB3061C001F1627 /* Sources */,
				EFA5C34D2EB3061C001F1627 /* Frameworks */,
				EFA5C34E2EB3061C001F1627 /* Resources */,
			);
			buildRules = (
			);
			dependencies = (
				EFA5C3522EB3061C001F1627 /* PBXTargetDependency */,
			);
			name = "DPlay-iOSTests";
			packageProductDependencies = (
			);
			productName = "DPlay-iOSTests";
			productReference = EFA5C3502EB3061C001F1627 /* DPlay-iOSTests.xctest */;
			productType = "com.apple.product-type.bundle.unit-test";
		};
		EFA5C3592EB3061C001F1627 /* DPlay-iOSUITests */ = {
			isa = PBXNativeTarget;
			buildConfigurationList = EFA5C36B2EB3061C001F1627 /* Build configuration list for PBXNativeTarget "DPlay-iOSUITests" */;
			buildPhases = (
				EFA5C3562EB3061C001F1627 /* Sources */,
				EFA5C3572EB3061C001F1627 /* Frameworks */,
				EFA5C3582EB3061C001F1627 /* Resources */,
			);
			buildRules = (
			);
			dependencies = (
				EFA5C35C2EB3061C001F1627 /* PBXTargetDependency */,
			);
			name = "DPlay-iOSUITests";
			packageProductDependencies = (
			);
			productName = "DPlay-iOSUITests";
			productReference = EFA5C35A2EB3061C001F1627 /* DPlay-iOSUITests.xctest */;
			productType = "com.apple.product-type.bundle.ui-testing";
		};
/* End PBXNativeTarget section */

/* Begin PBXProject section */
		EFA5C3322EB3061B001F1627 /* Project object */ = {
			isa = PBXProject;
			attributes = {
				BuildIndependentTargetsInParallel = 1;
				LastSwiftUpdateCheck = 2600;
				LastUpgradeCheck = 2600;
				TargetAttributes = {
					EFA5C3392EB3061B001F1627 = {
						CreatedOnToolsVersion = 26.0.1;
					};
					EFA5C34F2EB3061C001F1627 = {
						CreatedOnToolsVersion = 26.0.1;
						TestTargetID = EFA5C3392EB3061B001F1627;
					};
					EFA5C3592EB3061C001F1627 = {
						CreatedOnToolsVersion = 26.0.1;
						TestTargetID = EFA5C3392EB3061B001F1627;
					};
				};
			};
			buildConfigurationList = EFA5C3352EB3061B001F1627 /* Build configuration list for PBXProject "DPlay-iOS" */;
			developmentRegion = en;
			hasScannedForEncodings = 0;
			knownRegions = (
				en,
				Base,
			);
			mainGroup = EFA5C3312EB3061B001F1627;
			minimizedProjectReferenceProxies = 1;
			packageReferences = (
				EFA5C3DB2EB31840001F1627 /* XCRemoteSwiftPackageReference "Then" */,
				EFA5C3F82EB31B6C001F1627 /* XCRemoteSwiftPackageReference "SnapKit" */,
				EFA5C4022EB31CAB001F1627 /* XCRemoteSwiftPackageReference "Alamofire" */,
				EFA5C4052EB31CDF001F1627 /* XCRemoteSwiftPackageReference "Kingfisher" */,
			);
			preferredProjectObjectVersion = 77;
			productRefGroup = EFA5C33B2EB3061B001F1627 /* Products */;
			projectDirPath = "";
			projectRoot = "";
			targets = (
				EFA5C3392EB3061B001F1627 /* DPlay-iOS */,
				EFA5C34F2EB3061C001F1627 /* DPlay-iOSTests */,
				EFA5C3592EB3061C001F1627 /* DPlay-iOSUITests */,
			);
		};
/* End PBXProject section */

/* Begin PBXResourcesBuildPhase section */
		EFA5C3382EB3061B001F1627 /* Resources */ = {
			isa = PBXResourcesBuildPhase;
			buildActionMask = 2147483647;
			files = (
				EFCBCEE22EC9B57C00BA7740 /* LaunchScreen.storyboard in Resources */,
				EFCBCEE32EC9B57C00BA7740 /* SUIT-SemiBold.otf in Resources */,
				EFCBCEE42EC9B57C00BA7740 /* SUIT-Medium.otf in Resources */,
				EFCBCEE72EC9B57C00BA7740 /* Assets.xcassets in Resources */,
				EFCBCEE92EC9B57C00BA7740 /* SUIT-Bold.otf in Resources */,
				EFA5C40C2EB5DA8E001F1627 /* Config.xcconfig in Resources */,
			);
			runOnlyForDeploymentPostprocessing = 0;
		};
		EFA5C34E2EB3061C001F1627 /* Resources */ = {
			isa = PBXResourcesBuildPhase;
			buildActionMask = 2147483647;
			files = (
			);
			runOnlyForDeploymentPostprocessing = 0;
		};
		EFA5C3582EB3061C001F1627 /* Resources */ = {
			isa = PBXResourcesBuildPhase;
			buildActionMask = 2147483647;
			files = (
			);
			runOnlyForDeploymentPostprocessing = 0;
		};
/* End PBXResourcesBuildPhase section */

/* Begin PBXSourcesBuildPhase section */
		EFA5C3362EB3061B001F1627 /* Sources */ = {
			isa = PBXSourcesBuildPhase;
			buildActionMask = 2147483647;
			files = (
				D05B9A682ECB511C001379C4 /* OnboardingRepository.swift in Sources */,
				D05B9A612ECB4DD4001379C4 /* Nickname.swift in Sources */,
				D01894122ECA6D3B002A48C1 /* AllAgreementButton.swift in Sources */,
				D07185582ECAE9B40055FEBE /* ProfileImageSelectButton.swift in Sources */,
				D01893F12ECA5345002A48C1 /* UserSession.swift in Sources */,
				D05A62EC2EC1C6FB00B56DFD /* SplashViewController.swift in Sources */,
				D01893F92ECA5504002A48C1 /* AuthRepository.swift in Sources */,
				D0D8FDB12ED4621E00F75191 /* AgreementItemView.swift in Sources */,
				D01893F32ECA54B9002A48C1 /* AuthUseCase.swift in Sources */,
				EFCBCF5E2ED58B0300BA7740 /* MusicCommentViewModel.swift in Sources */,
				EFCBCF472ED4989B00BA7740 /* MusicAddNavigationBarView.swift in Sources */,
				EF25603A2EBDD3EE003E65C9 /* HomeRepository.swift in Sources */,
				EFCBCE8E2EC99D3D00BA7740 /* RecommendedSongsResponseDTO.swift in Sources */,
				EF2560462EBDD8CB003E65C9 /* HomeViewModel.swift in Sources */,
				EF2560362EBDD220003E65C9 /* HomeViewUseCase.swift in Sources */,
				EFCBCEA72EC9B46B00BA7740 /* TabBarCoordinator.swift in Sources */,
				EFCBCEEA2EC9B57C00BA7740 /* UIStackView+.swift in Sources */,
				EFCBCF522ED49AE900BA7740 /* MusicAddMock.swift in Sources */,
				EFCBCEEB2EC9B57C00BA7740 /* UIColor+.swift in Sources */,
				EFCBCF682ED58E0900BA7740 /* MusicCommentNavigationBarView.swift in Sources */,
				EFCBCEEC2EC9B57C00BA7740 /* UIView+.swift in Sources */,
				D0F278EB2ED44C87001D788E /* OnboardingCoordinator.swift in Sources */,
				EFCBCF2B2ECC755C00BA7740 /* MusicDetailEntitys.swift in Sources */,
				EFCBCF202ECC751F00BA7740 /* MusicDetailResponseDTO.swift in Sources */,
				EFCBCEED2EC9B57C00BA7740 /* UITextField+.swift in Sources */,
				EFCBCEEE2EC9B57C00BA7740 /* Iamge&IconLiterals.swift in Sources */,
				EFCBCEEF2EC9B57C00BA7740 /* UILabel+.swift in Sources */,
				EF5A94802ED80F23001B56B8 /* ToastManager.swift in Sources */,
				EFCBCEF02EC9B57C00BA7740 /* UIFont+.swift in Sources */,
				EFCBCF332ECC75CF00BA7740 /* MockMusicDetail.swift in Sources */,
				EFCBCEF12EC9B57C00BA7740 /* UIImage+.swift in Sources */,
				D06B4ABA2ED0DC0E00DB0107 /* AuthDTO.swift in Sources */,
				EFCBCE9B2EC9A9E300BA7740 /* Coordinator.swift in Sources */,
				EFCBCF4E2ED49A6F00BA7740 /* MusicAddResponseDTO.swift in Sources */,
				EFCBCE972EC9A91900BA7740 /* HomeCoordinator.swift in Sources */,
				EF5A94822ED83B0A001B56B8 /* RecommendationPopupView.swift in Sources */,
				EFCBCF382ECC761700BA7740 /* MusicDetailService.swift in Sources */,
				EF2560302EBDD198003E65C9 /* HomeEntitys.swift in Sources */,
				EF5568332EC72F9E00A1EEED /* MusicAlbumCell.swift in Sources */,
				EFCBCF282ECC754B00BA7740 /* MusicDetailUseCase.swift in Sources */,
				D06B4ABD2ED0E05700DB0107 /* AuthService.swift in Sources */,
				EFCBCF362ECC75F900BA7740 /* MusicDetailRepository.swift in Sources */,
				EFCBCF432ED4983400BA7740 /* MusicAddViewController.swift in Sources */,
				EFCBCEF82EC9BA7D00BA7740 /* MusicDetailNavigationBarView.swift in Sources */,
				EFCBCF5C2ED587A400BA7740 /* MusicCommentViewController.swift in Sources */,
				EFCBCF582ED49D7700BA7740 /* MusicAddCoordinator.swift in Sources */,
				EFCBCE952EC9A91100BA7740 /* AppCoordinator.swift in Sources */,
				EF5A94722ED5B286001B56B8 /* CommentGuidePopupView.swift in Sources */,
				EFCBCE9F2EC9B1DA00BA7740 /* MusicDetailViewController.swift in Sources */,
				EFCBCF5A2ED4AA7200BA7740 /* MusicAddViewModel.swift in Sources */,
				EFA5C38A2EB3149C001F1627 /* AppDelegate.swift in Sources */,
				EFCBCE9D2EC9ABB900BA7740 /* MockHomeFeed.swift in Sources */,
				EFCBCF3B2ECC77A600BA7740 /* MusicDetailViewModel.swift in Sources */,
				EFCBCF562ED49BD400BA7740 /* SongSearchCell.swift in Sources */,
				EF55682F2EC72BB600A1EEED /* HomeNavigationBarView.swift in Sources */,
				EFA5C37D2EB31484001F1627 /* SceneDelegate.swift in Sources */,
				D0D8FDB02ED461DE00F75191 /* TermsViewController.swift in Sources */,
				D071854D2ECAC1510055FEBE /* TermsViewModel.swift in Sources */,
				D05B9A642ECB5072001379C4 /* OnboardingUseCase.swift in Sources */,
				D07185552ECACDA60055FEBE /* ProfileSettingViewModel.swift in Sources */,
				D07185522ECACD8B0055FEBE /* ProfileSettingViewController.swift in Sources */,
				EF5A947A2ED80F16001B56B8 /* ToastView.swift in Sources */,
				D05A62F62EC1CF9F00B56DFD /* LoginViewController.swift in Sources */,
				EFCBCE912EC9A14A00BA7740 /* HomeService.swift in Sources */,
				EF5A94882ED87D46001B56B8 /* ReportSheetView.swift in Sources */,
				EF7537D72EC838DE00F28DE3 /* MainTabBarController.swift in Sources */,
				EF0030122EC1FC43009E6532 /* HomeViewController.swift in Sources */,
				EF7537F32EC848C100F28DE3 /* CustomTabBarView.swift in Sources */,
			);
			runOnlyForDeploymentPostprocessing = 0;
		};
		EFA5C34C2EB3061C001F1627 /* Sources */ = {
			isa = PBXSourcesBuildPhase;
			buildActionMask = 2147483647;
			files = (
				EFA5C3812EB31488001F1627 /* DPlay_iOSTests.swift in Sources */,
			);
			runOnlyForDeploymentPostprocessing = 0;
		};
		EFA5C3562EB3061C001F1627 /* Sources */ = {
			isa = PBXSourcesBuildPhase;
			buildActionMask = 2147483647;
			files = (
				EFCBCF272ECC754B00BA7740 /* MusicDetailUseCase.swift in Sources */,
				EFCBCF212ECC751F00BA7740 /* MusicDetailResponseDTO.swift in Sources */,
				EFA5C3852EB3148C001F1627 /* DPlay_iOSUITests.swift in Sources */,
				EF2560312EBDD198003E65C9 /* HomeEntitys.swift in Sources */,
				EFCBCF4D2ED49A6F00BA7740 /* MusicAddResponseDTO.swift in Sources */,
				EFCBCF392ECC761700BA7740 /* MusicDetailService.swift in Sources */,
				EFCBCE902EC9A14A00BA7740 /* HomeService.swift in Sources */,
				EFCBCF2A2ECC755C00BA7740 /* MusicDetailEntitys.swift in Sources */,
				EF2560372EBDD220003E65C9 /* HomeViewUseCase.swift in Sources */,
				EFCBCE8D2EC99D3D00BA7740 /* RecommendedSongsResponseDTO.swift in Sources */,
				EFA5C3862EB3148C001F1627 /* DPlay_iOSUITestsLaunchTests.swift in Sources */,
				EF2560392EBDD3EE003E65C9 /* HomeRepository.swift in Sources */,
				EFCBCF352ECC75F900BA7740 /* MusicDetailRepository.swift in Sources */,
			);
			runOnlyForDeploymentPostprocessing = 0;
		};
/* End PBXSourcesBuildPhase section */

/* Begin PBXTargetDependency section */
		EFA5C3522EB3061C001F1627 /* PBXTargetDependency */ = {
			isa = PBXTargetDependency;
			target = EFA5C3392EB3061B001F1627 /* DPlay-iOS */;
			targetProxy = EFA5C3512EB3061C001F1627 /* PBXContainerItemProxy */;
		};
		EFA5C35C2EB3061C001F1627 /* PBXTargetDependency */ = {
			isa = PBXTargetDependency;
			target = EFA5C3392EB3061B001F1627 /* DPlay-iOS */;
			targetProxy = EFA5C35B2EB3061C001F1627 /* PBXContainerItemProxy */;
		};
/* End PBXTargetDependency section */

/* Begin PBXVariantGroup section */
		EFCBCEDF2EC9B57C00BA7740 /* LaunchScreen.storyboard */ = {
			isa = PBXVariantGroup;
			children = (
				EFCBCEDE2EC9B57C00BA7740 /* Base */,
			);
			name = LaunchScreen.storyboard;
			sourceTree = "<group>";
		};
/* End PBXVariantGroup section */

/* Begin XCBuildConfiguration section */
		EFA5C3642EB3061C001F1627 /* Debug */ = {
			isa = XCBuildConfiguration;
			buildSettings = {
				ASSETCATALOG_COMPILER_APPICON_NAME = AppIcon;
				ASSETCATALOG_COMPILER_GLOBAL_ACCENT_COLOR_NAME = AccentColor;
				CODE_SIGN_STYLE = Automatic;
				CURRENT_PROJECT_VERSION = 1;
				DEVELOPMENT_TEAM = 9S8KMMC3YH;
				GENERATE_INFOPLIST_FILE = YES;
				INFOPLIST_FILE = "DPlay-iOS/Global/Resource/Info.plist";
				INFOPLIST_KEY_LSApplicationCategoryType = "public.app-category.music";
				INFOPLIST_KEY_UIApplicationSupportsIndirectInputEvents = YES;
				INFOPLIST_KEY_UILaunchStoryboardName = LaunchScreen;
				INFOPLIST_KEY_UISupportedInterfaceOrientations = UIInterfaceOrientationPortrait;
				INFOPLIST_KEY_UISupportedInterfaceOrientations_iPad = "UIInterfaceOrientationLandscapeLeft UIInterfaceOrientationLandscapeRight UIInterfaceOrientationPortrait UIInterfaceOrientationPortraitUpsideDown";
				INFOPLIST_KEY_UIUserInterfaceStyle = Light;
				IPHONEOS_DEPLOYMENT_TARGET = 17.6;
				LD_RUNPATH_SEARCH_PATHS = (
					"$(inherited)",
					"@executable_path/Frameworks",
				);
				MARKETING_VERSION = 1.0;
				PRODUCT_BUNDLE_IDENTIFIER = "com.dplay.DPlay-iOS.DPlay-iOS";
				PRODUCT_NAME = "$(TARGET_NAME)";
				STRING_CATALOG_GENERATE_SYMBOLS = YES;
				SUPPORTED_PLATFORMS = "iphoneos iphonesimulator";
				SUPPORTS_MACCATALYST = NO;
				SUPPORTS_MAC_DESIGNED_FOR_IPHONE_IPAD = NO;
				SUPPORTS_XR_DESIGNED_FOR_IPHONE_IPAD = NO;
				SWIFT_APPROACHABLE_CONCURRENCY = YES;
				SWIFT_DEFAULT_ACTOR_ISOLATION = MainActor;
				SWIFT_EMIT_LOC_STRINGS = YES;
				SWIFT_UPCOMING_FEATURE_MEMBER_IMPORT_VISIBILITY = YES;
				SWIFT_VERSION = 5.0;
				TARGETED_DEVICE_FAMILY = 1;
			};
			name = Debug;
		};
		EFA5C3652EB3061C001F1627 /* Release */ = {
			isa = XCBuildConfiguration;
			buildSettings = {
				ASSETCATALOG_COMPILER_APPICON_NAME = AppIcon;
				ASSETCATALOG_COMPILER_GLOBAL_ACCENT_COLOR_NAME = AccentColor;
				CODE_SIGN_STYLE = Automatic;
				CURRENT_PROJECT_VERSION = 1;
				DEVELOPMENT_TEAM = 9S8KMMC3YH;
				GENERATE_INFOPLIST_FILE = YES;
				INFOPLIST_FILE = "DPlay-iOS/Global/Resource/Info.plist";
				INFOPLIST_KEY_LSApplicationCategoryType = "public.app-category.music";
				INFOPLIST_KEY_UIApplicationSupportsIndirectInputEvents = YES;
				INFOPLIST_KEY_UILaunchStoryboardName = LaunchScreen;
				INFOPLIST_KEY_UISupportedInterfaceOrientations = UIInterfaceOrientationPortrait;
				INFOPLIST_KEY_UISupportedInterfaceOrientations_iPad = "UIInterfaceOrientationLandscapeLeft UIInterfaceOrientationLandscapeRight UIInterfaceOrientationPortrait UIInterfaceOrientationPortraitUpsideDown";
				INFOPLIST_KEY_UIUserInterfaceStyle = Light;
				IPHONEOS_DEPLOYMENT_TARGET = 17.6;
				LD_RUNPATH_SEARCH_PATHS = (
					"$(inherited)",
					"@executable_path/Frameworks",
				);
				MARKETING_VERSION = 1.0;
				PRODUCT_BUNDLE_IDENTIFIER = "com.dplay.DPlay-iOS.DPlay-iOS";
				PRODUCT_NAME = "$(TARGET_NAME)";
				STRING_CATALOG_GENERATE_SYMBOLS = YES;
				SUPPORTED_PLATFORMS = "iphoneos iphonesimulator";
				SUPPORTS_MACCATALYST = NO;
				SUPPORTS_MAC_DESIGNED_FOR_IPHONE_IPAD = NO;
				SUPPORTS_XR_DESIGNED_FOR_IPHONE_IPAD = NO;
				SWIFT_APPROACHABLE_CONCURRENCY = YES;
				SWIFT_DEFAULT_ACTOR_ISOLATION = MainActor;
				SWIFT_EMIT_LOC_STRINGS = YES;
				SWIFT_UPCOMING_FEATURE_MEMBER_IMPORT_VISIBILITY = YES;
				SWIFT_VERSION = 5.0;
				TARGETED_DEVICE_FAMILY = 1;
			};
			name = Release;
		};
		EFA5C3662EB3061C001F1627 /* Debug */ = {
			isa = XCBuildConfiguration;
			buildSettings = {
				ALWAYS_SEARCH_USER_PATHS = NO;
				ASSETCATALOG_COMPILER_GENERATE_SWIFT_ASSET_SYMBOL_EXTENSIONS = YES;
				CLANG_ANALYZER_NONNULL = YES;
				CLANG_ANALYZER_NUMBER_OBJECT_CONVERSION = YES_AGGRESSIVE;
				CLANG_CXX_LANGUAGE_STANDARD = "gnu++20";
				CLANG_ENABLE_MODULES = YES;
				CLANG_ENABLE_OBJC_ARC = YES;
				CLANG_ENABLE_OBJC_WEAK = YES;
				CLANG_WARN_BLOCK_CAPTURE_AUTORELEASING = YES;
				CLANG_WARN_BOOL_CONVERSION = YES;
				CLANG_WARN_COMMA = YES;
				CLANG_WARN_CONSTANT_CONVERSION = YES;
				CLANG_WARN_DEPRECATED_OBJC_IMPLEMENTATIONS = YES;
				CLANG_WARN_DIRECT_OBJC_ISA_USAGE = YES_ERROR;
				CLANG_WARN_DOCUMENTATION_COMMENTS = YES;
				CLANG_WARN_EMPTY_BODY = YES;
				CLANG_WARN_ENUM_CONVERSION = YES;
				CLANG_WARN_INFINITE_RECURSION = YES;
				CLANG_WARN_INT_CONVERSION = YES;
				CLANG_WARN_NON_LITERAL_NULL_CONVERSION = YES;
				CLANG_WARN_OBJC_IMPLICIT_RETAIN_SELF = YES;
				CLANG_WARN_OBJC_LITERAL_CONVERSION = YES;
				CLANG_WARN_OBJC_ROOT_CLASS = YES_ERROR;
				CLANG_WARN_QUOTED_INCLUDE_IN_FRAMEWORK_HEADER = YES;
				CLANG_WARN_RANGE_LOOP_ANALYSIS = YES;
				CLANG_WARN_STRICT_PROTOTYPES = YES;
				CLANG_WARN_SUSPICIOUS_MOVE = YES;
				CLANG_WARN_UNGUARDED_AVAILABILITY = YES_AGGRESSIVE;
				CLANG_WARN_UNREACHABLE_CODE = YES;
				CLANG_WARN__DUPLICATE_METHOD_MATCH = YES;
				COPY_PHASE_STRIP = NO;
				DEBUG_INFORMATION_FORMAT = dwarf;
				DEVELOPMENT_TEAM = 9S8KMMC3YH;
				ENABLE_STRICT_OBJC_MSGSEND = YES;
				ENABLE_TESTABILITY = YES;
				ENABLE_USER_SCRIPT_SANDBOXING = YES;
				GCC_C_LANGUAGE_STANDARD = gnu17;
				GCC_DYNAMIC_NO_PIC = NO;
				GCC_NO_COMMON_BLOCKS = YES;
				GCC_OPTIMIZATION_LEVEL = 0;
				GCC_PREPROCESSOR_DEFINITIONS = (
					"DEBUG=1",
					"$(inherited)",
				);
				GCC_WARN_64_TO_32_BIT_CONVERSION = YES;
				GCC_WARN_ABOUT_RETURN_TYPE = YES_ERROR;
				GCC_WARN_UNDECLARED_SELECTOR = YES;
				GCC_WARN_UNINITIALIZED_AUTOS = YES_AGGRESSIVE;
				GCC_WARN_UNUSED_FUNCTION = YES;
				GCC_WARN_UNUSED_VARIABLE = YES;
				IPHONEOS_DEPLOYMENT_TARGET = 26.0;
				LOCALIZATION_PREFERS_STRING_CATALOGS = YES;
				MTL_ENABLE_DEBUG_INFO = INCLUDE_SOURCE;
				MTL_FAST_MATH = YES;
				ONLY_ACTIVE_ARCH = YES;
				SDKROOT = iphoneos;
				SWIFT_ACTIVE_COMPILATION_CONDITIONS = "DEBUG $(inherited)";
				SWIFT_OPTIMIZATION_LEVEL = "-Onone";
			};
			name = Debug;
		};
		EFA5C3672EB3061C001F1627 /* Release */ = {
			isa = XCBuildConfiguration;
			buildSettings = {
				ALWAYS_SEARCH_USER_PATHS = NO;
				ASSETCATALOG_COMPILER_GENERATE_SWIFT_ASSET_SYMBOL_EXTENSIONS = YES;
				CLANG_ANALYZER_NONNULL = YES;
				CLANG_ANALYZER_NUMBER_OBJECT_CONVERSION = YES_AGGRESSIVE;
				CLANG_CXX_LANGUAGE_STANDARD = "gnu++20";
				CLANG_ENABLE_MODULES = YES;
				CLANG_ENABLE_OBJC_ARC = YES;
				CLANG_ENABLE_OBJC_WEAK = YES;
				CLANG_WARN_BLOCK_CAPTURE_AUTORELEASING = YES;
				CLANG_WARN_BOOL_CONVERSION = YES;
				CLANG_WARN_COMMA = YES;
				CLANG_WARN_CONSTANT_CONVERSION = YES;
				CLANG_WARN_DEPRECATED_OBJC_IMPLEMENTATIONS = YES;
				CLANG_WARN_DIRECT_OBJC_ISA_USAGE = YES_ERROR;
				CLANG_WARN_DOCUMENTATION_COMMENTS = YES;
				CLANG_WARN_EMPTY_BODY = YES;
				CLANG_WARN_ENUM_CONVERSION = YES;
				CLANG_WARN_INFINITE_RECURSION = YES;
				CLANG_WARN_INT_CONVERSION = YES;
				CLANG_WARN_NON_LITERAL_NULL_CONVERSION = YES;
				CLANG_WARN_OBJC_IMPLICIT_RETAIN_SELF = YES;
				CLANG_WARN_OBJC_LITERAL_CONVERSION = YES;
				CLANG_WARN_OBJC_ROOT_CLASS = YES_ERROR;
				CLANG_WARN_QUOTED_INCLUDE_IN_FRAMEWORK_HEADER = YES;
				CLANG_WARN_RANGE_LOOP_ANALYSIS = YES;
				CLANG_WARN_STRICT_PROTOTYPES = YES;
				CLANG_WARN_SUSPICIOUS_MOVE = YES;
				CLANG_WARN_UNGUARDED_AVAILABILITY = YES_AGGRESSIVE;
				CLANG_WARN_UNREACHABLE_CODE = YES;
				CLANG_WARN__DUPLICATE_METHOD_MATCH = YES;
				COPY_PHASE_STRIP = NO;
				DEBUG_INFORMATION_FORMAT = "dwarf-with-dsym";
				DEVELOPMENT_TEAM = 9S8KMMC3YH;
				ENABLE_NS_ASSERTIONS = NO;
				ENABLE_STRICT_OBJC_MSGSEND = YES;
				ENABLE_USER_SCRIPT_SANDBOXING = YES;
				GCC_C_LANGUAGE_STANDARD = gnu17;
				GCC_NO_COMMON_BLOCKS = YES;
				GCC_WARN_64_TO_32_BIT_CONVERSION = YES;
				GCC_WARN_ABOUT_RETURN_TYPE = YES_ERROR;
				GCC_WARN_UNDECLARED_SELECTOR = YES;
				GCC_WARN_UNINITIALIZED_AUTOS = YES_AGGRESSIVE;
				GCC_WARN_UNUSED_FUNCTION = YES;
				GCC_WARN_UNUSED_VARIABLE = YES;
				IPHONEOS_DEPLOYMENT_TARGET = 26.0;
				LOCALIZATION_PREFERS_STRING_CATALOGS = YES;
				MTL_ENABLE_DEBUG_INFO = NO;
				MTL_FAST_MATH = YES;
				SDKROOT = iphoneos;
				SWIFT_COMPILATION_MODE = wholemodule;
				VALIDATE_PRODUCT = YES;
			};
			name = Release;
		};
		EFA5C3692EB3061C001F1627 /* Debug */ = {
			isa = XCBuildConfiguration;
			buildSettings = {
				BUNDLE_LOADER = "$(TEST_HOST)";
				CODE_SIGN_STYLE = Automatic;
				CURRENT_PROJECT_VERSION = 1;
				DEVELOPMENT_TEAM = 9S8KMMC3YH;
				GENERATE_INFOPLIST_FILE = YES;
				IPHONEOS_DEPLOYMENT_TARGET = 26.0;
				MARKETING_VERSION = 1.0;
				PRODUCT_BUNDLE_IDENTIFIER = "com.dplay.DPlay-iOS.DPlay-iOSTests";
				PRODUCT_NAME = "$(TARGET_NAME)";
				STRING_CATALOG_GENERATE_SYMBOLS = NO;
				SWIFT_APPROACHABLE_CONCURRENCY = YES;
				SWIFT_EMIT_LOC_STRINGS = NO;
				SWIFT_UPCOMING_FEATURE_MEMBER_IMPORT_VISIBILITY = YES;
				SWIFT_VERSION = 5.0;
				TARGETED_DEVICE_FAMILY = "1,2";
				TEST_HOST = "$(BUILT_PRODUCTS_DIR)/DPlay-iOS.app/$(BUNDLE_EXECUTABLE_FOLDER_PATH)/DPlay-iOS";
			};
			name = Debug;
		};
		EFA5C36A2EB3061C001F1627 /* Release */ = {
			isa = XCBuildConfiguration;
			buildSettings = {
				BUNDLE_LOADER = "$(TEST_HOST)";
				CODE_SIGN_STYLE = Automatic;
				CURRENT_PROJECT_VERSION = 1;
				DEVELOPMENT_TEAM = 9S8KMMC3YH;
				GENERATE_INFOPLIST_FILE = YES;
				IPHONEOS_DEPLOYMENT_TARGET = 26.0;
				MARKETING_VERSION = 1.0;
				PRODUCT_BUNDLE_IDENTIFIER = "com.dplay.DPlay-iOS.DPlay-iOSTests";
				PRODUCT_NAME = "$(TARGET_NAME)";
				STRING_CATALOG_GENERATE_SYMBOLS = NO;
				SWIFT_APPROACHABLE_CONCURRENCY = YES;
				SWIFT_EMIT_LOC_STRINGS = NO;
				SWIFT_UPCOMING_FEATURE_MEMBER_IMPORT_VISIBILITY = YES;
				SWIFT_VERSION = 5.0;
				TARGETED_DEVICE_FAMILY = "1,2";
				TEST_HOST = "$(BUILT_PRODUCTS_DIR)/DPlay-iOS.app/$(BUNDLE_EXECUTABLE_FOLDER_PATH)/DPlay-iOS";
			};
			name = Release;
		};
		EFA5C36C2EB3061C001F1627 /* Debug */ = {
			isa = XCBuildConfiguration;
			buildSettings = {
				CODE_SIGN_STYLE = Automatic;
				CURRENT_PROJECT_VERSION = 1;
				DEVELOPMENT_TEAM = 9S8KMMC3YH;
				GENERATE_INFOPLIST_FILE = YES;
				MARKETING_VERSION = 1.0;
				PRODUCT_BUNDLE_IDENTIFIER = "com.dplay.DPlay-iOS.DPlay-iOSUITests";
				PRODUCT_NAME = "$(TARGET_NAME)";
				STRING_CATALOG_GENERATE_SYMBOLS = NO;
				SWIFT_APPROACHABLE_CONCURRENCY = YES;
				SWIFT_EMIT_LOC_STRINGS = NO;
				SWIFT_UPCOMING_FEATURE_MEMBER_IMPORT_VISIBILITY = YES;
				SWIFT_VERSION = 5.0;
				TARGETED_DEVICE_FAMILY = "1,2";
				TEST_TARGET_NAME = "DPlay-iOS";
			};
			name = Debug;
		};
		EFA5C36D2EB3061C001F1627 /* Release */ = {
			isa = XCBuildConfiguration;
			buildSettings = {
				CODE_SIGN_STYLE = Automatic;
				CURRENT_PROJECT_VERSION = 1;
				DEVELOPMENT_TEAM = 9S8KMMC3YH;
				GENERATE_INFOPLIST_FILE = YES;
				MARKETING_VERSION = 1.0;
				PRODUCT_BUNDLE_IDENTIFIER = "com.dplay.DPlay-iOS.DPlay-iOSUITests";
				PRODUCT_NAME = "$(TARGET_NAME)";
				STRING_CATALOG_GENERATE_SYMBOLS = NO;
				SWIFT_APPROACHABLE_CONCURRENCY = YES;
				SWIFT_EMIT_LOC_STRINGS = NO;
				SWIFT_UPCOMING_FEATURE_MEMBER_IMPORT_VISIBILITY = YES;
				SWIFT_VERSION = 5.0;
				TARGETED_DEVICE_FAMILY = "1,2";
				TEST_TARGET_NAME = "DPlay-iOS";
			};
			name = Release;
		};
/* End XCBuildConfiguration section */

/* Begin XCConfigurationList section */
		EFA5C3352EB3061B001F1627 /* Build configuration list for PBXProject "DPlay-iOS" */ = {
			isa = XCConfigurationList;
			buildConfigurations = (
				EFA5C3662EB3061C001F1627 /* Debug */,
				EFA5C3672EB3061C001F1627 /* Release */,
			);
			defaultConfigurationIsVisible = 0;
			defaultConfigurationName = Release;
		};
		EFA5C3632EB3061C001F1627 /* Build configuration list for PBXNativeTarget "DPlay-iOS" */ = {
			isa = XCConfigurationList;
			buildConfigurations = (
				EFA5C3642EB3061C001F1627 /* Debug */,
				EFA5C3652EB3061C001F1627 /* Release */,
			);
			defaultConfigurationIsVisible = 0;
			defaultConfigurationName = Release;
		};
		EFA5C3682EB3061C001F1627 /* Build configuration list for PBXNativeTarget "DPlay-iOSTests" */ = {
			isa = XCConfigurationList;
			buildConfigurations = (
				EFA5C3692EB3061C001F1627 /* Debug */,
				EFA5C36A2EB3061C001F1627 /* Release */,
			);
			defaultConfigurationIsVisible = 0;
			defaultConfigurationName = Release;
		};
		EFA5C36B2EB3061C001F1627 /* Build configuration list for PBXNativeTarget "DPlay-iOSUITests" */ = {
			isa = XCConfigurationList;
			buildConfigurations = (
				EFA5C36C2EB3061C001F1627 /* Debug */,
				EFA5C36D2EB3061C001F1627 /* Release */,
			);
			defaultConfigurationIsVisible = 0;
			defaultConfigurationName = Release;
		};
/* End XCConfigurationList section */

/* Begin XCRemoteSwiftPackageReference section */
		EFA5C3DB2EB31840001F1627 /* XCRemoteSwiftPackageReference "Then" */ = {
			isa = XCRemoteSwiftPackageReference;
			repositoryURL = "https://github.com/devxoul/Then.git";
			requirement = {
				kind = upToNextMajorVersion;
				minimumVersion = 3.0.0;
			};
		};
		EFA5C3F82EB31B6C001F1627 /* XCRemoteSwiftPackageReference "SnapKit" */ = {
			isa = XCRemoteSwiftPackageReference;
			repositoryURL = "https://github.com/SnapKit/SnapKit.git";
			requirement = {
				kind = upToNextMajorVersion;
				minimumVersion = 5.7.1;
			};
		};
		EFA5C4022EB31CAB001F1627 /* XCRemoteSwiftPackageReference "Alamofire" */ = {
			isa = XCRemoteSwiftPackageReference;
			repositoryURL = "https://github.com/Alamofire/Alamofire.git";
			requirement = {
				kind = upToNextMajorVersion;
				minimumVersion = 5.10.2;
			};
		};
		EFA5C4052EB31CDF001F1627 /* XCRemoteSwiftPackageReference "Kingfisher" */ = {
			isa = XCRemoteSwiftPackageReference;
			repositoryURL = "https://github.com/onevcat/Kingfisher.git";
			requirement = {
				kind = upToNextMajorVersion;
				minimumVersion = 8.6.1;
			};
		};
/* End XCRemoteSwiftPackageReference section */

/* Begin XCSwiftPackageProductDependency section */
		EFA5C3DC2EB31840001F1627 /* Then */ = {
			isa = XCSwiftPackageProductDependency;
			package = EFA5C3DB2EB31840001F1627 /* XCRemoteSwiftPackageReference "Then" */;
			productName = Then;
		};
		EFA5C3F92EB31B6C001F1627 /* SnapKit */ = {
			isa = XCSwiftPackageProductDependency;
			package = EFA5C3F82EB31B6C001F1627 /* XCRemoteSwiftPackageReference "SnapKit" */;
			productName = SnapKit;
		};
		EFA5C4032EB31CAB001F1627 /* Alamofire */ = {
			isa = XCSwiftPackageProductDependency;
			package = EFA5C4022EB31CAB001F1627 /* XCRemoteSwiftPackageReference "Alamofire" */;
			productName = Alamofire;
		};
		EFA5C4062EB31CDF001F1627 /* Kingfisher */ = {
			isa = XCSwiftPackageProductDependency;
			package = EFA5C4052EB31CDF001F1627 /* XCRemoteSwiftPackageReference "Kingfisher" */;
			productName = Kingfisher;
		};
/* End XCSwiftPackageProductDependency section */
	};
	rootObject = EFA5C3322EB3061B001F1627 /* Project object */;
}
